// !$*UTF8*$!
{
	archiveVersion = 1;
	classes = {
	};
	objectVersion = 55;
	objects = {

/* Begin PBXBuildFile section */
		06122D0A28D2F4A400792B87 /* domain.swift in Sources */ = {isa = PBXBuildFile; fileRef = 06122D0928D2F4A400792B87 /* domain.swift */; };
		06122D0C28D2F4AE00792B87 /* data.swift in Sources */ = {isa = PBXBuildFile; fileRef = 06122D0B28D2F4AE00792B87 /* data.swift */; };
		06122D0E28D2F4B600792B87 /* common.swift in Sources */ = {isa = PBXBuildFile; fileRef = 06122D0D28D2F4B600792B87 /* common.swift */; };
		06B53C2328D2EFE1001B9BA2 /* AppDelegate.swift in Sources */ = {isa = PBXBuildFile; fileRef = 06B53C2228D2EFE1001B9BA2 /* AppDelegate.swift */; };
		06B53C2728D2EFE1001B9BA2 /* ViewController.swift in Sources */ = {isa = PBXBuildFile; fileRef = 06B53C2628D2EFE1001B9BA2 /* ViewController.swift */; };
		06B53C2D28D2EFE1001B9BA2 /* CoinDiary.xcdatamodeld in Sources */ = {isa = PBXBuildFile; fileRef = 06B53C2B28D2EFE1001B9BA2 /* CoinDiary.xcdatamodeld */; };
		06B53C2F28D2EFE2001B9BA2 /* Assets.xcassets in Resources */ = {isa = PBXBuildFile; fileRef = 06B53C2E28D2EFE2001B9BA2 /* Assets.xcassets */; };
		06B53C3228D2EFE2001B9BA2 /* LaunchScreen.storyboard in Resources */ = {isa = PBXBuildFile; fileRef = 06B53C3028D2EFE2001B9BA2 /* LaunchScreen.storyboard */; };
		06B53C3D28D2EFE2001B9BA2 /* CoinDiaryTests.swift in Sources */ = {isa = PBXBuildFile; fileRef = 06B53C3C28D2EFE2001B9BA2 /* CoinDiaryTests.swift */; };
		06B53C4728D2EFE2001B9BA2 /* CoinDiaryUITests.swift in Sources */ = {isa = PBXBuildFile; fileRef = 06B53C4628D2EFE2001B9BA2 /* CoinDiaryUITests.swift */; };
		06B53C4928D2EFE2001B9BA2 /* CoinDiaryUITestsLaunchTests.swift in Sources */ = {isa = PBXBuildFile; fileRef = 06B53C4828D2EFE2001B9BA2 /* CoinDiaryUITestsLaunchTests.swift */; };
		08C86DDBA23D94DEDD73FF14 /* Pods_CoinDiary.framework in Frameworks */ = {isa = PBXBuildFile; fileRef = 2B22307EE945FC0D1468836F /* Pods_CoinDiary.framework */; };
		60483AC43489CCB31D79BAF0 /* Pods_CoinDiary_CoinDiaryUITests.framework in Frameworks */ = {isa = PBXBuildFile; fileRef = 4E76ADCCCEC94D355215FFB0 /* Pods_CoinDiary_CoinDiaryUITests.framework */; };
		A0555F81E2CBC3CAADB94168 /* Pods_CoinDiaryTests.framework in Frameworks */ = {isa = PBXBuildFile; fileRef = C3722FB25E407BB242B8ABE4 /* Pods_CoinDiaryTests.framework */; };
/* End PBXBuildFile section */

/* Begin PBXContainerItemProxy section */
		06B53C3928D2EFE2001B9BA2 /* PBXContainerItemProxy */ = {
			isa = PBXContainerItemProxy;
			containerPortal = 06B53C1728D2EFE1001B9BA2 /* Project object */;
			proxyType = 1;
			remoteGlobalIDString = 06B53C1E28D2EFE1001B9BA2;
			remoteInfo = CoinDiary;
		};
		06B53C4328D2EFE2001B9BA2 /* PBXContainerItemProxy */ = {
			isa = PBXContainerItemProxy;
			containerPortal = 06B53C1728D2EFE1001B9BA2 /* Project object */;
			proxyType = 1;
			remoteGlobalIDString = 06B53C1E28D2EFE1001B9BA2;
			remoteInfo = CoinDiary;
		};
/* End PBXContainerItemProxy section */

/* Begin PBXFileReference section */
		06122D0928D2F4A400792B87 /* domain.swift */ = {isa = PBXFileReference; lastKnownFileType = sourcecode.swift; path = domain.swift; sourceTree = "<group>"; };
		06122D0B28D2F4AE00792B87 /* data.swift */ = {isa = PBXFileReference; lastKnownFileType = sourcecode.swift; path = data.swift; sourceTree = "<group>"; };
		06122D0D28D2F4B600792B87 /* common.swift */ = {isa = PBXFileReference; lastKnownFileType = sourcecode.swift; path = common.swift; sourceTree = "<group>"; };
		06B53C1F28D2EFE1001B9BA2 /* CoinDiary.app */ = {isa = PBXFileReference; explicitFileType = wrapper.application; includeInIndex = 0; path = CoinDiary.app; sourceTree = BUILT_PRODUCTS_DIR; };
		06B53C2228D2EFE1001B9BA2 /* AppDelegate.swift */ = {isa = PBXFileReference; lastKnownFileType = sourcecode.swift; path = AppDelegate.swift; sourceTree = "<group>"; };
		06B53C2628D2EFE1001B9BA2 /* ViewController.swift */ = {isa = PBXFileReference; lastKnownFileType = sourcecode.swift; path = ViewController.swift; sourceTree = "<group>"; };
		06B53C2C28D2EFE1001B9BA2 /* CoinDiary.xcdatamodel */ = {isa = PBXFileReference; lastKnownFileType = wrapper.xcdatamodel; path = CoinDiary.xcdatamodel; sourceTree = "<group>"; };
		06B53C2E28D2EFE2001B9BA2 /* Assets.xcassets */ = {isa = PBXFileReference; lastKnownFileType = folder.assetcatalog; path = Assets.xcassets; sourceTree = "<group>"; };
		06B53C3128D2EFE2001B9BA2 /* Base */ = {isa = PBXFileReference; lastKnownFileType = file.storyboard; name = Base; path = Base.lproj/LaunchScreen.storyboard; sourceTree = "<group>"; };
		06B53C3328D2EFE2001B9BA2 /* Info.plist */ = {isa = PBXFileReference; lastKnownFileType = text.plist.xml; path = Info.plist; sourceTree = "<group>"; };
		06B53C3828D2EFE2001B9BA2 /* CoinDiaryTests.xctest */ = {isa = PBXFileReference; explicitFileType = wrapper.cfbundle; includeInIndex = 0; path = CoinDiaryTests.xctest; sourceTree = BUILT_PRODUCTS_DIR; };
		06B53C3C28D2EFE2001B9BA2 /* CoinDiaryTests.swift */ = {isa = PBXFileReference; lastKnownFileType = sourcecode.swift; path = CoinDiaryTests.swift; sourceTree = "<group>"; };
		06B53C4228D2EFE2001B9BA2 /* CoinDiaryUITests.xctest */ = {isa = PBXFileReference; explicitFileType = wrapper.cfbundle; includeInIndex = 0; path = CoinDiaryUITests.xctest; sourceTree = BUILT_PRODUCTS_DIR; };
		06B53C4628D2EFE2001B9BA2 /* CoinDiaryUITests.swift */ = {isa = PBXFileReference; lastKnownFileType = sourcecode.swift; path = CoinDiaryUITests.swift; sourceTree = "<group>"; };
		06B53C4828D2EFE2001B9BA2 /* CoinDiaryUITestsLaunchTests.swift */ = {isa = PBXFileReference; lastKnownFileType = sourcecode.swift; path = CoinDiaryUITestsLaunchTests.swift; sourceTree = "<group>"; };
		2B22307EE945FC0D1468836F /* Pods_CoinDiary.framework */ = {isa = PBXFileReference; explicitFileType = wrapper.framework; includeInIndex = 0; path = Pods_CoinDiary.framework; sourceTree = BUILT_PRODUCTS_DIR; };
		395D1C89153AB689BC043A6D /* Pods-CoinDiary-CoinDiaryUITests.debug.xcconfig */ = {isa = PBXFileReference; includeInIndex = 1; lastKnownFileType = text.xcconfig; name = "Pods-CoinDiary-CoinDiaryUITests.debug.xcconfig"; path = "Target Support Files/Pods-CoinDiary-CoinDiaryUITests/Pods-CoinDiary-CoinDiaryUITests.debug.xcconfig"; sourceTree = "<group>"; };
		488438B225E91B1CF60A6256 /* Pods-CoinDiary-CoinDiaryUITests.release.xcconfig */ = {isa = PBXFileReference; includeInIndex = 1; lastKnownFileType = text.xcconfig; name = "Pods-CoinDiary-CoinDiaryUITests.release.xcconfig"; path = "Target Support Files/Pods-CoinDiary-CoinDiaryUITests/Pods-CoinDiary-CoinDiaryUITests.release.xcconfig"; sourceTree = "<group>"; };
		4E76ADCCCEC94D355215FFB0 /* Pods_CoinDiary_CoinDiaryUITests.framework */ = {isa = PBXFileReference; explicitFileType = wrapper.framework; includeInIndex = 0; path = Pods_CoinDiary_CoinDiaryUITests.framework; sourceTree = BUILT_PRODUCTS_DIR; };
		59A11911870B7A2ECCB18A89 /* Pods-CoinDiaryTests.debug.xcconfig */ = {isa = PBXFileReference; includeInIndex = 1; lastKnownFileType = text.xcconfig; name = "Pods-CoinDiaryTests.debug.xcconfig"; path = "Target Support Files/Pods-CoinDiaryTests/Pods-CoinDiaryTests.debug.xcconfig"; sourceTree = "<group>"; };
		7A1C892D8B2D75924DB510B7 /* Pods-CoinDiaryTests.release.xcconfig */ = {isa = PBXFileReference; includeInIndex = 1; lastKnownFileType = text.xcconfig; name = "Pods-CoinDiaryTests.release.xcconfig"; path = "Target Support Files/Pods-CoinDiaryTests/Pods-CoinDiaryTests.release.xcconfig"; sourceTree = "<group>"; };
		C3722FB25E407BB242B8ABE4 /* Pods_CoinDiaryTests.framework */ = {isa = PBXFileReference; explicitFileType = wrapper.framework; includeInIndex = 0; path = Pods_CoinDiaryTests.framework; sourceTree = BUILT_PRODUCTS_DIR; };
		E1955311D052081B6FB9721C /* Pods-CoinDiary.release.xcconfig */ = {isa = PBXFileReference; includeInIndex = 1; lastKnownFileType = text.xcconfig; name = "Pods-CoinDiary.release.xcconfig"; path = "Target Support Files/Pods-CoinDiary/Pods-CoinDiary.release.xcconfig"; sourceTree = "<group>"; };
		F6FBB1D5BA41CE3F3BF644D3 /* Pods-CoinDiary.debug.xcconfig */ = {isa = PBXFileReference; includeInIndex = 1; lastKnownFileType = text.xcconfig; name = "Pods-CoinDiary.debug.xcconfig"; path = "Target Support Files/Pods-CoinDiary/Pods-CoinDiary.debug.xcconfig"; sourceTree = "<group>"; };
/* End PBXFileReference section */

/* Begin PBXFrameworksBuildPhase section */
		06B53C1C28D2EFE1001B9BA2 /* Frameworks */ = {
			isa = PBXFrameworksBuildPhase;
			buildActionMask = 2147483647;
			files = (
				08C86DDBA23D94DEDD73FF14 /* Pods_CoinDiary.framework in Frameworks */,
			);
			runOnlyForDeploymentPostprocessing = 0;
		};
		06B53C3528D2EFE2001B9BA2 /* Frameworks */ = {
			isa = PBXFrameworksBuildPhase;
			buildActionMask = 2147483647;
			files = (
				A0555F81E2CBC3CAADB94168 /* Pods_CoinDiaryTests.framework in Frameworks */,
			);
			runOnlyForDeploymentPostprocessing = 0;
		};
		06B53C3F28D2EFE2001B9BA2 /* Frameworks */ = {
			isa = PBXFrameworksBuildPhase;
			buildActionMask = 2147483647;
			files = (
				60483AC43489CCB31D79BAF0 /* Pods_CoinDiary_CoinDiaryUITests.framework in Frameworks */,
			);
			runOnlyForDeploymentPostprocessing = 0;
		};
/* End PBXFrameworksBuildPhase section */

/* Begin PBXGroup section */
		06122D0328D2F0C000792B87 /* Resource */ = {
			isa = PBXGroup;
			children = (
				06B53C3328D2EFE2001B9BA2 /* Info.plist */,
				06B53C3028D2EFE2001B9BA2 /* LaunchScreen.storyboard */,
				06B53C2E28D2EFE2001B9BA2 /* Assets.xcassets */,
			);
			path = Resource;
			sourceTree = "<group>";
		};
		06122D0428D2F0D000792B87 /* Common */ = {
			isa = PBXGroup;
			children = (
				06122D0D28D2F4B600792B87 /* common.swift */,
			);
			path = Common;
			sourceTree = "<group>";
		};
		06122D0528D2F0DF00792B87 /* Data */ = {
			isa = PBXGroup;
			children = (
				06122D0B28D2F4AE00792B87 /* data.swift */,
			);
			path = Data;
			sourceTree = "<group>";
		};
		06122D0628D2F0E400792B87 /* Domain */ = {
			isa = PBXGroup;
			children = (
				06122D0928D2F4A400792B87 /* domain.swift */,
			);
			path = Domain;
			sourceTree = "<group>";
		};
		06122D0728D2F0E900792B87 /* Presentation */ = {
			isa = PBXGroup;
			children = (
				06B53C2628D2EFE1001B9BA2 /* ViewController.swift */,
			);
			path = Presentation;
			sourceTree = "<group>";
		};
		06122D0828D2F0FD00792B87 /* Application */ = {
			isa = PBXGroup;
			children = (
				06B53C2228D2EFE1001B9BA2 /* AppDelegate.swift */,
			);
			path = Application;
			sourceTree = "<group>";
		};
		06B53C1628D2EFE1001B9BA2 = {
			isa = PBXGroup;
			children = (
				06B53C2128D2EFE1001B9BA2 /* CoinDiary */,
				06B53C3B28D2EFE2001B9BA2 /* CoinDiaryTests */,
				06B53C4528D2EFE2001B9BA2 /* CoinDiaryUITests */,
				06B53C2028D2EFE1001B9BA2 /* Products */,
				B748F12072EF03438C7BA868 /* Pods */,
				6B600F3ACA26BCA7178B77DB /* Frameworks */,
			);
			sourceTree = "<group>";
		};
		06B53C2028D2EFE1001B9BA2 /* Products */ = {
			isa = PBXGroup;
			children = (
				06B53C1F28D2EFE1001B9BA2 /* CoinDiary.app */,
				06B53C3828D2EFE2001B9BA2 /* CoinDiaryTests.xctest */,
				06B53C4228D2EFE2001B9BA2 /* CoinDiaryUITests.xctest */,
			);
			name = Products;
			sourceTree = "<group>";
		};
		06B53C2128D2EFE1001B9BA2 /* CoinDiary */ = {
			isa = PBXGroup;
			children = (
				06122D0828D2F0FD00792B87 /* Application */,
				06122D0728D2F0E900792B87 /* Presentation */,
				06122D0628D2F0E400792B87 /* Domain */,
				06122D0528D2F0DF00792B87 /* Data */,
				06122D0428D2F0D000792B87 /* Common */,
				06122D0328D2F0C000792B87 /* Resource */,
				06B53C2B28D2EFE1001B9BA2 /* CoinDiary.xcdatamodeld */,
			);
			path = CoinDiary;
			sourceTree = "<group>";
		};
		06B53C3B28D2EFE2001B9BA2 /* CoinDiaryTests */ = {
			isa = PBXGroup;
			children = (
				06B53C3C28D2EFE2001B9BA2 /* CoinDiaryTests.swift */,
			);
			path = CoinDiaryTests;
			sourceTree = "<group>";
		};
		06B53C4528D2EFE2001B9BA2 /* CoinDiaryUITests */ = {
			isa = PBXGroup;
			children = (
				06B53C4628D2EFE2001B9BA2 /* CoinDiaryUITests.swift */,
				06B53C4828D2EFE2001B9BA2 /* CoinDiaryUITestsLaunchTests.swift */,
			);
			path = CoinDiaryUITests;
			sourceTree = "<group>";
		};
		6B600F3ACA26BCA7178B77DB /* Frameworks */ = {
			isa = PBXGroup;
			children = (
				2B22307EE945FC0D1468836F /* Pods_CoinDiary.framework */,
				4E76ADCCCEC94D355215FFB0 /* Pods_CoinDiary_CoinDiaryUITests.framework */,
				C3722FB25E407BB242B8ABE4 /* Pods_CoinDiaryTests.framework */,
			);
			name = Frameworks;
			sourceTree = "<group>";
		};
		B748F12072EF03438C7BA868 /* Pods */ = {
			isa = PBXGroup;
			children = (
				F6FBB1D5BA41CE3F3BF644D3 /* Pods-CoinDiary.debug.xcconfig */,
				E1955311D052081B6FB9721C /* Pods-CoinDiary.release.xcconfig */,
				395D1C89153AB689BC043A6D /* Pods-CoinDiary-CoinDiaryUITests.debug.xcconfig */,
				488438B225E91B1CF60A6256 /* Pods-CoinDiary-CoinDiaryUITests.release.xcconfig */,
				59A11911870B7A2ECCB18A89 /* Pods-CoinDiaryTests.debug.xcconfig */,
				7A1C892D8B2D75924DB510B7 /* Pods-CoinDiaryTests.release.xcconfig */,
			);
			path = Pods;
			sourceTree = "<group>";
		};
/* End PBXGroup section */

/* Begin PBXNativeTarget section */
		06B53C1E28D2EFE1001B9BA2 /* CoinDiary */ = {
			isa = PBXNativeTarget;
			buildConfigurationList = 06B53C4C28D2EFE2001B9BA2 /* Build configuration list for PBXNativeTarget "CoinDiary" */;
			buildPhases = (
				C153AB69A1CA25FFE28AAC2D /* [CP] Check Pods Manifest.lock */,
				06B53C1B28D2EFE1001B9BA2 /* Sources */,
				06B53C1C28D2EFE1001B9BA2 /* Frameworks */,
				06B53C1D28D2EFE1001B9BA2 /* Resources */,
				6028D1526098E6E3CC0A1B9D /* [CP] Embed Pods Frameworks */,
			);
			buildRules = (
			);
			dependencies = (
			);
			name = CoinDiary;
			productName = CoinDiary;
			productReference = 06B53C1F28D2EFE1001B9BA2 /* CoinDiary.app */;
			productType = "com.apple.product-type.application";
		};
		06B53C3728D2EFE2001B9BA2 /* CoinDiaryTests */ = {
			isa = PBXNativeTarget;
			buildConfigurationList = 06B53C4F28D2EFE2001B9BA2 /* Build configuration list for PBXNativeTarget "CoinDiaryTests" */;
			buildPhases = (
				1235C6F2D977B0E393E7BE5D /* [CP] Check Pods Manifest.lock */,
				06B53C3428D2EFE2001B9BA2 /* Sources */,
				06B53C3528D2EFE2001B9BA2 /* Frameworks */,
				06B53C3628D2EFE2001B9BA2 /* Resources */,
			);
			buildRules = (
			);
			dependencies = (
				06B53C3A28D2EFE2001B9BA2 /* PBXTargetDependency */,
			);
			name = CoinDiaryTests;
			productName = CoinDiaryTests;
			productReference = 06B53C3828D2EFE2001B9BA2 /* CoinDiaryTests.xctest */;
			productType = "com.apple.product-type.bundle.unit-test";
		};
		06B53C4128D2EFE2001B9BA2 /* CoinDiaryUITests */ = {
			isa = PBXNativeTarget;
			buildConfigurationList = 06B53C5228D2EFE2001B9BA2 /* Build configuration list for PBXNativeTarget "CoinDiaryUITests" */;
			buildPhases = (
				D9473FBD332BDB5160A725FF /* [CP] Check Pods Manifest.lock */,
				06B53C3E28D2EFE2001B9BA2 /* Sources */,
				06B53C3F28D2EFE2001B9BA2 /* Frameworks */,
				06B53C4028D2EFE2001B9BA2 /* Resources */,
				C97B0D3D767AF285AEB974F2 /* [CP] Embed Pods Frameworks */,
			);
			buildRules = (
			);
			dependencies = (
				06B53C4428D2EFE2001B9BA2 /* PBXTargetDependency */,
			);
			name = CoinDiaryUITests;
			productName = CoinDiaryUITests;
			productReference = 06B53C4228D2EFE2001B9BA2 /* CoinDiaryUITests.xctest */;
			productType = "com.apple.product-type.bundle.ui-testing";
		};
/* End PBXNativeTarget section */

/* Begin PBXProject section */
		06B53C1728D2EFE1001B9BA2 /* Project object */ = {
			isa = PBXProject;
			attributes = {
				BuildIndependentTargetsInParallel = 1;
				LastSwiftUpdateCheck = 1340;
				LastUpgradeCheck = 1340;
				TargetAttributes = {
					06B53C1E28D2EFE1001B9BA2 = {
						CreatedOnToolsVersion = 13.4.1;
					};
					06B53C3728D2EFE2001B9BA2 = {
						CreatedOnToolsVersion = 13.4.1;
						TestTargetID = 06B53C1E28D2EFE1001B9BA2;
					};
					06B53C4128D2EFE2001B9BA2 = {
						CreatedOnToolsVersion = 13.4.1;
						TestTargetID = 06B53C1E28D2EFE1001B9BA2;
					};
				};
			};
			buildConfigurationList = 06B53C1A28D2EFE1001B9BA2 /* Build configuration list for PBXProject "CoinDiary" */;
			compatibilityVersion = "Xcode 13.0";
			developmentRegion = en;
			hasScannedForEncodings = 0;
			knownRegions = (
				en,
				Base,
			);
			mainGroup = 06B53C1628D2EFE1001B9BA2;
			productRefGroup = 06B53C2028D2EFE1001B9BA2 /* Products */;
			projectDirPath = "";
			projectRoot = "";
			targets = (
				06B53C1E28D2EFE1001B9BA2 /* CoinDiary */,
				06B53C3728D2EFE2001B9BA2 /* CoinDiaryTests */,
				06B53C4128D2EFE2001B9BA2 /* CoinDiaryUITests */,
			);
		};
/* End PBXProject section */

/* Begin PBXResourcesBuildPhase section */
		06B53C1D28D2EFE1001B9BA2 /* Resources */ = {
			isa = PBXResourcesBuildPhase;
			buildActionMask = 2147483647;
			files = (
				06B53C3228D2EFE2001B9BA2 /* LaunchScreen.storyboard in Resources */,
				06B53C2F28D2EFE2001B9BA2 /* Assets.xcassets in Resources */,
			);
			runOnlyForDeploymentPostprocessing = 0;
		};
		06B53C3628D2EFE2001B9BA2 /* Resources */ = {
			isa = PBXResourcesBuildPhase;
			buildActionMask = 2147483647;
			files = (
			);
			runOnlyForDeploymentPostprocessing = 0;
		};
		06B53C4028D2EFE2001B9BA2 /* Resources */ = {
			isa = PBXResourcesBuildPhase;
			buildActionMask = 2147483647;
			files = (
			);
			runOnlyForDeploymentPostprocessing = 0;
		};
/* End PBXResourcesBuildPhase section */

/* Begin PBXShellScriptBuildPhase section */
		1235C6F2D977B0E393E7BE5D /* [CP] Check Pods Manifest.lock */ = {
			isa = PBXShellScriptBuildPhase;
			buildActionMask = 2147483647;
			files = (
			);
			inputFileListPaths = (
			);
			inputPaths = (
				"${PODS_PODFILE_DIR_PATH}/Podfile.lock",
				"${PODS_ROOT}/Manifest.lock",
			);
			name = "[CP] Check Pods Manifest.lock";
			outputFileListPaths = (
			);
			outputPaths = (
				"$(DERIVED_FILE_DIR)/Pods-CoinDiaryTests-checkManifestLockResult.txt",
			);
			runOnlyForDeploymentPostprocessing = 0;
			shellPath = /bin/sh;
			shellScript = "diff \"${PODS_PODFILE_DIR_PATH}/Podfile.lock\" \"${PODS_ROOT}/Manifest.lock\" > /dev/null\nif [ $? != 0 ] ; then\n    # print error to STDERR\n    echo \"error: The sandbox is not in sync with the Podfile.lock. Run 'pod install' or update your CocoaPods installation.\" >&2\n    exit 1\nfi\n# This output is used by Xcode 'outputs' to avoid re-running this script phase.\necho \"SUCCESS\" > \"${SCRIPT_OUTPUT_FILE_0}\"\n";
			showEnvVarsInLog = 0;
		};
		6028D1526098E6E3CC0A1B9D /* [CP] Embed Pods Frameworks */ = {
			isa = PBXShellScriptBuildPhase;
			buildActionMask = 2147483647;
			files = (
			);
			inputFileListPaths = (
				"${PODS_ROOT}/Target Support Files/Pods-CoinDiary/Pods-CoinDiary-frameworks-${CONFIGURATION}-input-files.xcfilelist",
			);
			name = "[CP] Embed Pods Frameworks";
			outputFileListPaths = (
				"${PODS_ROOT}/Target Support Files/Pods-CoinDiary/Pods-CoinDiary-frameworks-${CONFIGURATION}-output-files.xcfilelist",
			);
			runOnlyForDeploymentPostprocessing = 0;
			shellPath = /bin/sh;
			shellScript = "\"${PODS_ROOT}/Target Support Files/Pods-CoinDiary/Pods-CoinDiary-frameworks.sh\"\n";
			showEnvVarsInLog = 0;
		};
		C153AB69A1CA25FFE28AAC2D /* [CP] Check Pods Manifest.lock */ = {
			isa = PBXShellScriptBuildPhase;
			buildActionMask = 2147483647;
			files = (
			);
			inputFileListPaths = (
			);
			inputPaths = (
				"${PODS_PODFILE_DIR_PATH}/Podfile.lock",
				"${PODS_ROOT}/Manifest.lock",
			);
			name = "[CP] Check Pods Manifest.lock";
			outputFileListPaths = (
			);
			outputPaths = (
				"$(DERIVED_FILE_DIR)/Pods-CoinDiary-checkManifestLockResult.txt",
			);
			runOnlyForDeploymentPostprocessing = 0;
			shellPath = /bin/sh;
			shellScript = "diff \"${PODS_PODFILE_DIR_PATH}/Podfile.lock\" \"${PODS_ROOT}/Manifest.lock\" > /dev/null\nif [ $? != 0 ] ; then\n    # print error to STDERR\n    echo \"error: The sandbox is not in sync with the Podfile.lock. Run 'pod install' or update your CocoaPods installation.\" >&2\n    exit 1\nfi\n# This output is used by Xcode 'outputs' to avoid re-running this script phase.\necho \"SUCCESS\" > \"${SCRIPT_OUTPUT_FILE_0}\"\n";
			showEnvVarsInLog = 0;
		};
		C97B0D3D767AF285AEB974F2 /* [CP] Embed Pods Frameworks */ = {
			isa = PBXShellScriptBuildPhase;
			buildActionMask = 2147483647;
			files = (
			);
			inputFileListPaths = (
				"${PODS_ROOT}/Target Support Files/Pods-CoinDiary-CoinDiaryUITests/Pods-CoinDiary-CoinDiaryUITests-frameworks-${CONFIGURATION}-input-files.xcfilelist",
			);
			name = "[CP] Embed Pods Frameworks";
			outputFileListPaths = (
				"${PODS_ROOT}/Target Support Files/Pods-CoinDiary-CoinDiaryUITests/Pods-CoinDiary-CoinDiaryUITests-frameworks-${CONFIGURATION}-output-files.xcfilelist",
			);
			runOnlyForDeploymentPostprocessing = 0;
			shellPath = /bin/sh;
			shellScript = "\"${PODS_ROOT}/Target Support Files/Pods-CoinDiary-CoinDiaryUITests/Pods-CoinDiary-CoinDiaryUITests-frameworks.sh\"\n";
			showEnvVarsInLog = 0;
		};
		D9473FBD332BDB5160A725FF /* [CP] Check Pods Manifest.lock */ = {
			isa = PBXShellScriptBuildPhase;
			buildActionMask = 2147483647;
			files = (
			);
			inputFileListPaths = (
			);
			inputPaths = (
				"${PODS_PODFILE_DIR_PATH}/Podfile.lock",
				"${PODS_ROOT}/Manifest.lock",
			);
			name = "[CP] Check Pods Manifest.lock";
			outputFileListPaths = (
			);
			outputPaths = (
				"$(DERIVED_FILE_DIR)/Pods-CoinDiary-CoinDiaryUITests-checkManifestLockResult.txt",
			);
			runOnlyForDeploymentPostprocessing = 0;
			shellPath = /bin/sh;
			shellScript = "diff \"${PODS_PODFILE_DIR_PATH}/Podfile.lock\" \"${PODS_ROOT}/Manifest.lock\" > /dev/null\nif [ $? != 0 ] ; then\n    # print error to STDERR\n    echo \"error: The sandbox is not in sync with the Podfile.lock. Run 'pod install' or update your CocoaPods installation.\" >&2\n    exit 1\nfi\n# This output is used by Xcode 'outputs' to avoid re-running this script phase.\necho \"SUCCESS\" > \"${SCRIPT_OUTPUT_FILE_0}\"\n";
			showEnvVarsInLog = 0;
		};
/* End PBXShellScriptBuildPhase section */

/* Begin PBXSourcesBuildPhase section */
		06B53C1B28D2EFE1001B9BA2 /* Sources */ = {
			isa = PBXSourcesBuildPhase;
			buildActionMask = 2147483647;
			files = (
				06B53C2D28D2EFE1001B9BA2 /* CoinDiary.xcdatamodeld in Sources */,
				06B53C2728D2EFE1001B9BA2 /* ViewController.swift in Sources */,
				06122D0E28D2F4B600792B87 /* common.swift in Sources */,
				06B53C2328D2EFE1001B9BA2 /* AppDelegate.swift in Sources */,
				06122D0C28D2F4AE00792B87 /* data.swift in Sources */,
				06122D0A28D2F4A400792B87 /* domain.swift in Sources */,
			);
			runOnlyForDeploymentPostprocessing = 0;
		};
		06B53C3428D2EFE2001B9BA2 /* Sources */ = {
			isa = PBXSourcesBuildPhase;
			buildActionMask = 2147483647;
			files = (
				06B53C3D28D2EFE2001B9BA2 /* CoinDiaryTests.swift in Sources */,
			);
			runOnlyForDeploymentPostprocessing = 0;
		};
		06B53C3E28D2EFE2001B9BA2 /* Sources */ = {
			isa = PBXSourcesBuildPhase;
			buildActionMask = 2147483647;
			files = (
				06B53C4728D2EFE2001B9BA2 /* CoinDiaryUITests.swift in Sources */,
				06B53C4928D2EFE2001B9BA2 /* CoinDiaryUITestsLaunchTests.swift in Sources */,
			);
			runOnlyForDeploymentPostprocessing = 0;
		};
/* End PBXSourcesBuildPhase section */

/* Begin PBXTargetDependency section */
		06B53C3A28D2EFE2001B9BA2 /* PBXTargetDependency */ = {
			isa = PBXTargetDependency;
			target = 06B53C1E28D2EFE1001B9BA2 /* CoinDiary */;
			targetProxy = 06B53C3928D2EFE2001B9BA2 /* PBXContainerItemProxy */;
		};
		06B53C4428D2EFE2001B9BA2 /* PBXTargetDependency */ = {
			isa = PBXTargetDependency;
			target = 06B53C1E28D2EFE1001B9BA2 /* CoinDiary */;
			targetProxy = 06B53C4328D2EFE2001B9BA2 /* PBXContainerItemProxy */;
		};
/* End PBXTargetDependency section */

/* Begin PBXVariantGroup section */
		06B53C3028D2EFE2001B9BA2 /* LaunchScreen.storyboard */ = {
			isa = PBXVariantGroup;
			children = (
				06B53C3128D2EFE2001B9BA2 /* Base */,
			);
			name = LaunchScreen.storyboard;
			sourceTree = "<group>";
		};
/* End PBXVariantGroup section */

/* Begin XCBuildConfiguration section */
		06B53C4A28D2EFE2001B9BA2 /* Debug */ = {
			isa = XCBuildConfiguration;
			buildSettings = {
				ALWAYS_SEARCH_USER_PATHS = NO;
				CLANG_ANALYZER_NONNULL = YES;
				CLANG_ANALYZER_NUMBER_OBJECT_CONVERSION = YES_AGGRESSIVE;
				CLANG_CXX_LANGUAGE_STANDARD = "gnu++17";
				CLANG_ENABLE_MODULES = YES;
				CLANG_ENABLE_OBJC_ARC = YES;
				CLANG_ENABLE_OBJC_WEAK = YES;
				CLANG_WARN_BLOCK_CAPTURE_AUTORELEASING = YES;
				CLANG_WARN_BOOL_CONVERSION = YES;
				CLANG_WARN_COMMA = YES;
				CLANG_WARN_CONSTANT_CONVERSION = YES;
				CLANG_WARN_DEPRECATED_OBJC_IMPLEMENTATIONS = YES;
				CLANG_WARN_DIRECT_OBJC_ISA_USAGE = YES_ERROR;
				CLANG_WARN_DOCUMENTATION_COMMENTS = YES;
				CLANG_WARN_EMPTY_BODY = YES;
				CLANG_WARN_ENUM_CONVERSION = YES;
				CLANG_WARN_INFINITE_RECURSION = YES;
				CLANG_WARN_INT_CONVERSION = YES;
				CLANG_WARN_NON_LITERAL_NULL_CONVERSION = YES;
				CLANG_WARN_OBJC_IMPLICIT_RETAIN_SELF = YES;
				CLANG_WARN_OBJC_LITERAL_CONVERSION = YES;
				CLANG_WARN_OBJC_ROOT_CLASS = YES_ERROR;
				CLANG_WARN_QUOTED_INCLUDE_IN_FRAMEWORK_HEADER = YES;
				CLANG_WARN_RANGE_LOOP_ANALYSIS = YES;
				CLANG_WARN_STRICT_PROTOTYPES = YES;
				CLANG_WARN_SUSPICIOUS_MOVE = YES;
				CLANG_WARN_UNGUARDED_AVAILABILITY = YES_AGGRESSIVE;
				CLANG_WARN_UNREACHABLE_CODE = YES;
				CLANG_WARN__DUPLICATE_METHOD_MATCH = YES;
				COPY_PHASE_STRIP = NO;
				DEBUG_INFORMATION_FORMAT = dwarf;
				ENABLE_STRICT_OBJC_MSGSEND = YES;
				ENABLE_TESTABILITY = YES;
				GCC_C_LANGUAGE_STANDARD = gnu11;
				GCC_DYNAMIC_NO_PIC = NO;
				GCC_NO_COMMON_BLOCKS = YES;
				GCC_OPTIMIZATION_LEVEL = 0;
				GCC_PREPROCESSOR_DEFINITIONS = (
					"DEBUG=1",
					"$(inherited)",
				);
				GCC_WARN_64_TO_32_BIT_CONVERSION = YES;
				GCC_WARN_ABOUT_RETURN_TYPE = YES_ERROR;
				GCC_WARN_UNDECLARED_SELECTOR = YES;
				GCC_WARN_UNINITIALIZED_AUTOS = YES_AGGRESSIVE;
				GCC_WARN_UNUSED_FUNCTION = YES;
				GCC_WARN_UNUSED_VARIABLE = YES;
				IPHONEOS_DEPLOYMENT_TARGET = 15.5;
				MTL_ENABLE_DEBUG_INFO = INCLUDE_SOURCE;
				MTL_FAST_MATH = YES;
				ONLY_ACTIVE_ARCH = YES;
				SDKROOT = iphoneos;
				SWIFT_ACTIVE_COMPILATION_CONDITIONS = DEBUG;
				SWIFT_OPTIMIZATION_LEVEL = "-Onone";
			};
			name = Debug;
		};
		06B53C4B28D2EFE2001B9BA2 /* Release */ = {
			isa = XCBuildConfiguration;
			buildSettings = {
				ALWAYS_SEARCH_USER_PATHS = NO;
				CLANG_ANALYZER_NONNULL = YES;
				CLANG_ANALYZER_NUMBER_OBJECT_CONVERSION = YES_AGGRESSIVE;
				CLANG_CXX_LANGUAGE_STANDARD = "gnu++17";
				CLANG_ENABLE_MODULES = YES;
				CLANG_ENABLE_OBJC_ARC = YES;
				CLANG_ENABLE_OBJC_WEAK = YES;
				CLANG_WARN_BLOCK_CAPTURE_AUTORELEASING = YES;
				CLANG_WARN_BOOL_CONVERSION = YES;
				CLANG_WARN_COMMA = YES;
				CLANG_WARN_CONSTANT_CONVERSION = YES;
				CLANG_WARN_DEPRECATED_OBJC_IMPLEMENTATIONS = YES;
				CLANG_WARN_DIRECT_OBJC_ISA_USAGE = YES_ERROR;
				CLANG_WARN_DOCUMENTATION_COMMENTS = YES;
				CLANG_WARN_EMPTY_BODY = YES;
				CLANG_WARN_ENUM_CONVERSION = YES;
				CLANG_WARN_INFINITE_RECURSION = YES;
				CLANG_WARN_INT_CONVERSION = YES;
				CLANG_WARN_NON_LITERAL_NULL_CONVERSION = YES;
				CLANG_WARN_OBJC_IMPLICIT_RETAIN_SELF = YES;
				CLANG_WARN_OBJC_LITERAL_CONVERSION = YES;
				CLANG_WARN_OBJC_ROOT_CLASS = YES_ERROR;
				CLANG_WARN_QUOTED_INCLUDE_IN_FRAMEWORK_HEADER = YES;
				CLANG_WARN_RANGE_LOOP_ANALYSIS = YES;
				CLANG_WARN_STRICT_PROTOTYPES = YES;
				CLANG_WARN_SUSPICIOUS_MOVE = YES;
				CLANG_WARN_UNGUARDED_AVAILABILITY = YES_AGGRESSIVE;
				CLANG_WARN_UNREACHABLE_CODE = YES;
				CLANG_WARN__DUPLICATE_METHOD_MATCH = YES;
				COPY_PHASE_STRIP = NO;
				DEBUG_INFORMATION_FORMAT = "dwarf-with-dsym";
				ENABLE_NS_ASSERTIONS = NO;
				ENABLE_STRICT_OBJC_MSGSEND = YES;
				GCC_C_LANGUAGE_STANDARD = gnu11;
				GCC_NO_COMMON_BLOCKS = YES;
				GCC_WARN_64_TO_32_BIT_CONVERSION = YES;
				GCC_WARN_ABOUT_RETURN_TYPE = YES_ERROR;
				GCC_WARN_UNDECLARED_SELECTOR = YES;
				GCC_WARN_UNINITIALIZED_AUTOS = YES_AGGRESSIVE;
				GCC_WARN_UNUSED_FUNCTION = YES;
				GCC_WARN_UNUSED_VARIABLE = YES;
				IPHONEOS_DEPLOYMENT_TARGET = 15.5;
				MTL_ENABLE_DEBUG_INFO = NO;
				MTL_FAST_MATH = YES;
				SDKROOT = iphoneos;
				SWIFT_COMPILATION_MODE = wholemodule;
				SWIFT_OPTIMIZATION_LEVEL = "-O";
				VALIDATE_PRODUCT = YES;
			};
			name = Release;
		};
		06B53C4D28D2EFE2001B9BA2 /* Debug */ = {
			isa = XCBuildConfiguration;
			baseConfigurationReference = F6FBB1D5BA41CE3F3BF644D3 /* Pods-CoinDiary.debug.xcconfig */;
			buildSettings = {
				ASSETCATALOG_COMPILER_APPICON_NAME = AppIcon;
				ASSETCATALOG_COMPILER_GLOBAL_ACCENT_COLOR_NAME = AccentColor;
				CODE_SIGN_STYLE = Automatic;
				CURRENT_PROJECT_VERSION = 1;
				DEVELOPMENT_TEAM = 9UT8US6W3V;
				GENERATE_INFOPLIST_FILE = YES;
				INFOPLIST_FILE = CoinDiary/Info.plist;
				INFOPLIST_KEY_UIApplicationSupportsIndirectInputEvents = YES;
				INFOPLIST_KEY_UILaunchStoryboardName = LaunchScreen;
				INFOPLIST_KEY_UISupportedInterfaceOrientations_iPad = "UIInterfaceOrientationPortrait UIInterfaceOrientationPortraitUpsideDown UIInterfaceOrientationLandscapeLeft UIInterfaceOrientationLandscapeRight";
				INFOPLIST_KEY_UISupportedInterfaceOrientations_iPhone = "UIInterfaceOrientationPortrait UIInterfaceOrientationLandscapeLeft UIInterfaceOrientationLandscapeRight";
				LD_RUNPATH_SEARCH_PATHS = (
					"$(inherited)",
					"@executable_path/Frameworks",
				);
				MARKETING_VERSION = 1.0;
				PRODUCT_BUNDLE_IDENTIFIER = io.Furabono.CoinDiary;
				PRODUCT_NAME = "$(TARGET_NAME)";
				SWIFT_EMIT_LOC_STRINGS = YES;
				SWIFT_VERSION = 5.0;
				TARGETED_DEVICE_FAMILY = "1,2";
			};
			name = Debug;
		};
		06B53C4E28D2EFE2001B9BA2 /* Release */ = {
			isa = XCBuildConfiguration;
			baseConfigurationReference = E1955311D052081B6FB9721C /* Pods-CoinDiary.release.xcconfig */;
			buildSettings = {
				ASSETCATALOG_COMPILER_APPICON_NAME = AppIcon;
				ASSETCATALOG_COMPILER_GLOBAL_ACCENT_COLOR_NAME = AccentColor;
				CODE_SIGN_STYLE = Automatic;
				CURRENT_PROJECT_VERSION = 1;
				DEVELOPMENT_TEAM = 9UT8US6W3V;
				GENERATE_INFOPLIST_FILE = YES;
				INFOPLIST_FILE = CoinDiary/Info.plist;
				INFOPLIST_KEY_UIApplicationSupportsIndirectInputEvents = YES;
				INFOPLIST_KEY_UILaunchStoryboardName = LaunchScreen;
				INFOPLIST_KEY_UISupportedInterfaceOrientations_iPad = "UIInterfaceOrientationPortrait UIInterfaceOrientationPortraitUpsideDown UIInterfaceOrientationLandscapeLeft UIInterfaceOrientationLandscapeRight";
				INFOPLIST_KEY_UISupportedInterfaceOrientations_iPhone = "UIInterfaceOrientationPortrait UIInterfaceOrientationLandscapeLeft UIInterfaceOrientationLandscapeRight";
				LD_RUNPATH_SEARCH_PATHS = (
					"$(inherited)",
					"@executable_path/Frameworks",
				);
				MARKETING_VERSION = 1.0;
				PRODUCT_BUNDLE_IDENTIFIER = io.Furabono.CoinDiary;
				PRODUCT_NAME = "$(TARGET_NAME)";
				SWIFT_EMIT_LOC_STRINGS = YES;
				SWIFT_VERSION = 5.0;
				TARGETED_DEVICE_FAMILY = "1,2";
			};
			name = Release;
		};
		06B53C5028D2EFE2001B9BA2 /* Debug */ = {
			isa = XCBuildConfiguration;
			baseConfigurationReference = 59A11911870B7A2ECCB18A89 /* Pods-CoinDiaryTests.debug.xcconfig */;
			buildSettings = {
				ALWAYS_EMBED_SWIFT_STANDARD_LIBRARIES = YES;
				BUNDLE_LOADER = "$(TEST_HOST)";
				CODE_SIGN_STYLE = Automatic;
				CURRENT_PROJECT_VERSION = 1;
				DEVELOPMENT_TEAM = 9UT8US6W3V;
				GENERATE_INFOPLIST_FILE = YES;
				IPHONEOS_DEPLOYMENT_TARGET = 15.5;
				MARKETING_VERSION = 1.0;
				PRODUCT_BUNDLE_IDENTIFIER = io.Furabono.CoinDiaryTests;
				PRODUCT_NAME = "$(TARGET_NAME)";
				SWIFT_EMIT_LOC_STRINGS = NO;
				SWIFT_VERSION = 5.0;
				TARGETED_DEVICE_FAMILY = "1,2";
				TEST_HOST = "$(BUILT_PRODUCTS_DIR)/CoinDiary.app/CoinDiary";
			};
			name = Debug;
		};
		06B53C5128D2EFE2001B9BA2 /* Release */ = {
			isa = XCBuildConfiguration;
			baseConfigurationReference = 7A1C892D8B2D75924DB510B7 /* Pods-CoinDiaryTests.release.xcconfig */;
			buildSettings = {
				ALWAYS_EMBED_SWIFT_STANDARD_LIBRARIES = YES;
				BUNDLE_LOADER = "$(TEST_HOST)";
				CODE_SIGN_STYLE = Automatic;
				CURRENT_PROJECT_VERSION = 1;
				DEVELOPMENT_TEAM = 9UT8US6W3V;
				GENERATE_INFOPLIST_FILE = YES;
				IPHONEOS_DEPLOYMENT_TARGET = 15.5;
				MARKETING_VERSION = 1.0;
				PRODUCT_BUNDLE_IDENTIFIER = io.Furabono.CoinDiaryTests;
				PRODUCT_NAME = "$(TARGET_NAME)";
				SWIFT_EMIT_LOC_STRINGS = NO;
				SWIFT_VERSION = 5.0;
				TARGETED_DEVICE_FAMILY = "1,2";
				TEST_HOST = "$(BUILT_PRODUCTS_DIR)/CoinDiary.app/CoinDiary";
			};
			name = Release;
		};
		06B53C5328D2EFE2001B9BA2 /* Debug */ = {
			isa = XCBuildConfiguration;
			baseConfigurationReference = 395D1C89153AB689BC043A6D /* Pods-CoinDiary-CoinDiaryUITests.debug.xcconfig */;
			buildSettings = {
				ALWAYS_EMBED_SWIFT_STANDARD_LIBRARIES = YES;
				CODE_SIGN_STYLE = Automatic;
				CURRENT_PROJECT_VERSION = 1;
				DEVELOPMENT_TEAM = 9UT8US6W3V;
				GENERATE_INFOPLIST_FILE = YES;
				MARKETING_VERSION = 1.0;
				PRODUCT_BUNDLE_IDENTIFIER = io.Furabono.CoinDiaryUITests;
				PRODUCT_NAME = "$(TARGET_NAME)";
				SWIFT_EMIT_LOC_STRINGS = NO;
				SWIFT_VERSION = 5.0;
				TARGETED_DEVICE_FAMILY = "1,2";
				TEST_TARGET_NAME = CoinDiary;
			};
			name = Debug;
		};
		06B53C5428D2EFE2001B9BA2 /* Release */ = {
			isa = XCBuildConfiguration;
			baseConfigurationReference = 488438B225E91B1CF60A6256 /* Pods-CoinDiary-CoinDiaryUITests.release.xcconfig */;
			buildSettings = {
				ALWAYS_EMBED_SWIFT_STANDARD_LIBRARIES = YES;
				CODE_SIGN_STYLE = Automatic;
				CURRENT_PROJECT_VERSION = 1;
				DEVELOPMENT_TEAM = 9UT8US6W3V;
				GENERATE_INFOPLIST_FILE = YES;
				MARKETING_VERSION = 1.0;
				PRODUCT_BUNDLE_IDENTIFIER = io.Furabono.CoinDiaryUITests;
				PRODUCT_NAME = "$(TARGET_NAME)";
				SWIFT_EMIT_LOC_STRINGS = NO;
				SWIFT_VERSION = 5.0;
				TARGETED_DEVICE_FAMILY = "1,2";
				TEST_TARGET_NAME = CoinDiary;
			};
			name = Release;
		};
/* End XCBuildConfiguration section */

/* Begin XCConfigurationList section */
		06B53C1A28D2EFE1001B9BA2 /* Build configuration list for PBXProject "CoinDiary" */ = {
			isa = XCConfigurationList;
			buildConfigurations = (
				06B53C4A28D2EFE2001B9BA2 /* Debug */,
				06B53C4B28D2EFE2001B9BA2 /* Release */,
			);
			defaultConfigurationIsVisible = 0;
			defaultConfigurationName = Release;
		};
		06B53C4C28D2EFE2001B9BA2 /* Build configuration list for PBXNativeTarget "CoinDiary" */ = {
			isa = XCConfigurationList;
			buildConfigurations = (
				06B53C4D28D2EFE2001B9BA2 /* Debug */,
				06B53C4E28D2EFE2001B9BA2 /* Release */,
			);
			defaultConfigurationIsVisible = 0;
			defaultConfigurationName = Release;
		};
		06B53C4F28D2EFE2001B9BA2 /* Build configuration list for PBXNativeTarget "CoinDiaryTests" */ = {
			isa = XCConfigurationList;
			buildConfigurations = (
				06B53C5028D2EFE2001B9BA2 /* Debug */,
				06B53C5128D2EFE2001B9BA2 /* Release */,
			);
			defaultConfigurationIsVisible = 0;
			defaultConfigurationName = Release;
		};
		06B53C5228D2EFE2001B9BA2 /* Build configuration list for PBXNativeTarget "CoinDiaryUITests" */ = {
			isa = XCConfigurationList;
			buildConfigurations = (
				06B53C5328D2EFE2001B9BA2 /* Debug */,
				06B53C5428D2EFE2001B9BA2 /* Release */,
			);
			defaultConfigurationIsVisible = 0;
			defaultConfigurationName = Release;
		};
/* End XCConfigurationList section */

/* Begin XCVersionGroup section */
		06B53C2B28D2EFE1001B9BA2 /* CoinDiary.xcdatamodeld */ = {
			isa = XCVersionGroup;
			children = (
				06B53C2C28D2EFE1001B9BA2 /* CoinDiary.xcdatamodel */,
			);
			currentVersion = 06B53C2C28D2EFE1001B9BA2 /* CoinDiary.xcdatamodel */;
			path = CoinDiary.xcdatamodeld;
			sourceTree = "<group>";
			versionGroupType = wrapper.xcdatamodel;
		};
/* End XCVersionGroup section */
	};
	rootObject = 06B53C1728D2EFE1001B9BA2 /* Project object */;
}
