// !$*UTF8*$!
{
	archiveVersion = 1;
	classes = {
	};
	objectVersion = 55;
	objects = {

/* Begin PBXBuildFile section */
		06050D6C28D834B500443156 /* GoogleService-Info.plist in Resources */ = {isa = PBXBuildFile; fileRef = 06050D6B28D834B500443156 /* GoogleService-Info.plist */; };
		06122D1128D2F84500792B87 /* AppDIContainer.swift in Sources */ = {isa = PBXBuildFile; fileRef = 06122D1028D2F84500792B87 /* AppDIContainer.swift */; };
		06122D1428D2F94100792B87 /* BaseViewController.swift in Sources */ = {isa = PBXBuildFile; fileRef = 06122D1328D2F94100792B87 /* BaseViewController.swift */; };
		06168E4F28F923D7009B036D /* CoinDTO.swift in Sources */ = {isa = PBXBuildFile; fileRef = 06168E4E28F923D7009B036D /* CoinDTO.swift */; };
		06168E5128F92476009B036D /* CoinEntity.swift in Sources */ = {isa = PBXBuildFile; fileRef = 06168E5028F92476009B036D /* CoinEntity.swift */; };
		06168E5328F925F5009B036D /* CoinDataSource.swift in Sources */ = {isa = PBXBuildFile; fileRef = 06168E5228F925F5009B036D /* CoinDataSource.swift */; };
		0669684528DA986900C51B91 /* AddViewController.swift in Sources */ = {isa = PBXBuildFile; fileRef = 0669684428DA986900C51B91 /* AddViewController.swift */; };
		0669684728DA9F2C00C51B91 /* AddViewModel.swift in Sources */ = {isa = PBXBuildFile; fileRef = 0669684628DA9F2C00C51B91 /* AddViewModel.swift */; };
		0669684B28DAA41F00C51B91 /* AddUseCase.swift in Sources */ = {isa = PBXBuildFile; fileRef = 0669684A28DAA41F00C51B91 /* AddUseCase.swift */; };
		0669684D28DAA44700C51B91 /* AddRepositoryInterface.swift in Sources */ = {isa = PBXBuildFile; fileRef = 0669684C28DAA44700C51B91 /* AddRepositoryInterface.swift */; };
		0669684F28DAA46200C51B91 /* AddDataSource.swift in Sources */ = {isa = PBXBuildFile; fileRef = 0669684E28DAA46200C51B91 /* AddDataSource.swift */; };
		0669685128DAA48700C51B91 /* AddRepository.swift in Sources */ = {isa = PBXBuildFile; fileRef = 0669685028DAA48700C51B91 /* AddRepository.swift */; };
		0669685528DAB19900C51B91 /* DateExtensions.swift in Sources */ = {isa = PBXBuildFile; fileRef = 0669685428DAB19900C51B91 /* DateExtensions.swift */; };
		069F0F7928F7E96600141635 /* CoinViewController.swift in Sources */ = {isa = PBXBuildFile; fileRef = 069F0F7828F7E96600141635 /* CoinViewController.swift */; };
		069F0F7C28F7E98F00141635 /* CoinViewModel.swift in Sources */ = {isa = PBXBuildFile; fileRef = 069F0F7B28F7E98F00141635 /* CoinViewModel.swift */; };
		06A74B8728DBF6AB000F7FE3 /* CustomLabel.swift in Sources */ = {isa = PBXBuildFile; fileRef = 06A74B8628DBF6AB000F7FE3 /* CustomLabel.swift */; };
		06A74B8928DBFDBD000F7FE3 /* TextFieldExtensions.swift in Sources */ = {isa = PBXBuildFile; fileRef = 06A74B8828DBFDBD000F7FE3 /* TextFieldExtensions.swift */; };
		06A74B8C28DC3507000F7FE3 /* PictureView.swift in Sources */ = {isa = PBXBuildFile; fileRef = 06A74B8B28DC3507000F7FE3 /* PictureView.swift */; };
		06AE277D28FE296D00A5B898 /* CoinRepository.swift in Sources */ = {isa = PBXBuildFile; fileRef = 06AE277C28FE296D00A5B898 /* CoinRepository.swift */; };
		06AE277F28FE2A3D00A5B898 /* CoinRepositoryInterface.swift in Sources */ = {isa = PBXBuildFile; fileRef = 06AE277E28FE2A3D00A5B898 /* CoinRepositoryInterface.swift */; };
		06AE278128FE384200A5B898 /* CoinUseCase.swift in Sources */ = {isa = PBXBuildFile; fileRef = 06AE278028FE384200A5B898 /* CoinUseCase.swift */; };
		06AE278428FF76C200A5B898 /* CoinCell.swift in Sources */ = {isa = PBXBuildFile; fileRef = 06AE278328FF76C200A5B898 /* CoinCell.swift */; };
		06B53C2328D2EFE1001B9BA2 /* AppDelegate.swift in Sources */ = {isa = PBXBuildFile; fileRef = 06B53C2228D2EFE1001B9BA2 /* AppDelegate.swift */; };
		06B53C2D28D2EFE1001B9BA2 /* CoinDiary.xcdatamodeld in Sources */ = {isa = PBXBuildFile; fileRef = 06B53C2B28D2EFE1001B9BA2 /* CoinDiary.xcdatamodeld */; };
		06B53C2F28D2EFE2001B9BA2 /* Assets.xcassets in Resources */ = {isa = PBXBuildFile; fileRef = 06B53C2E28D2EFE2001B9BA2 /* Assets.xcassets */; };
		06B53C3228D2EFE2001B9BA2 /* LaunchScreen.storyboard in Resources */ = {isa = PBXBuildFile; fileRef = 06B53C3028D2EFE2001B9BA2 /* LaunchScreen.storyboard */; };
		06B53C3D28D2EFE2001B9BA2 /* CoinDiaryTests.swift in Sources */ = {isa = PBXBuildFile; fileRef = 06B53C3C28D2EFE2001B9BA2 /* CoinDiaryTests.swift */; };
		06B53C4728D2EFE2001B9BA2 /* CoinDiaryUITests.swift in Sources */ = {isa = PBXBuildFile; fileRef = 06B53C4628D2EFE2001B9BA2 /* CoinDiaryUITests.swift */; };
		06B53C4928D2EFE2001B9BA2 /* CoinDiaryUITestsLaunchTests.swift in Sources */ = {isa = PBXBuildFile; fileRef = 06B53C4828D2EFE2001B9BA2 /* CoinDiaryUITestsLaunchTests.swift */; };
		06FAC63C28F4F0A100DEEF14 /* EditViewController.swift in Sources */ = {isa = PBXBuildFile; fileRef = 06FAC63B28F4F0A100DEEF14 /* EditViewController.swift */; };
		06FAC63E28F4F0B200DEEF14 /* EditViewModel.swift in Sources */ = {isa = PBXBuildFile; fileRef = 06FAC63D28F4F0B200DEEF14 /* EditViewModel.swift */; };
		06FAC64028F4F2DF00DEEF14 /* EditUseCase.swift in Sources */ = {isa = PBXBuildFile; fileRef = 06FAC63F28F4F2DF00DEEF14 /* EditUseCase.swift */; };
		06FAC64228F4F31900DEEF14 /* EditRepositoryInterface.swift in Sources */ = {isa = PBXBuildFile; fileRef = 06FAC64128F4F31900DEEF14 /* EditRepositoryInterface.swift */; };
		06FAC64428F4F33100DEEF14 /* EditDataSource.swift in Sources */ = {isa = PBXBuildFile; fileRef = 06FAC64328F4F33100DEEF14 /* EditDataSource.swift */; };
		06FAC64628F4F37000DEEF14 /* EditRepository.swift in Sources */ = {isa = PBXBuildFile; fileRef = 06FAC64528F4F37000DEEF14 /* EditRepository.swift */; };
		147521B8CE713D8BBFD0382F /* Pods_CoinDiary.framework in Frameworks */ = {isa = PBXBuildFile; fileRef = BCA8D9BEDBC9EDACA8E42C16 /* Pods_CoinDiary.framework */; };
		2C63C8E72D34651E87524A96 /* Pods_CoinDiary_CoinDiaryUITests.framework in Frameworks */ = {isa = PBXBuildFile; fileRef = 7AAC3AE55C7EB739958794D1 /* Pods_CoinDiary_CoinDiaryUITests.framework */; };
		870FB68228E46A94000FF80A /* DiaryDTO.swift in Sources */ = {isa = PBXBuildFile; fileRef = 870FB68128E46A94000FF80A /* DiaryDTO.swift */; };
		870FB68428E46F54000FF80A /* DiaryEntity.swift in Sources */ = {isa = PBXBuildFile; fileRef = 870FB68328E46F54000FF80A /* DiaryEntity.swift */; };
		871EF8C328D57DA50010F197 /* DiaryViewController.swift in Sources */ = {isa = PBXBuildFile; fileRef = 871EF8C228D57DA50010F197 /* DiaryViewController.swift */; };
		871EF8C528D57DB40010F197 /* DiaryViewModel.swift in Sources */ = {isa = PBXBuildFile; fileRef = 871EF8C428D57DB40010F197 /* DiaryViewModel.swift */; };
		871EF8C728D57DC20010F197 /* ChartViewController.swift in Sources */ = {isa = PBXBuildFile; fileRef = 871EF8C628D57DC20010F197 /* ChartViewController.swift */; };
		871EF8C928D57DCC0010F197 /* ChartViewModel.swift in Sources */ = {isa = PBXBuildFile; fileRef = 871EF8C828D57DCC0010F197 /* ChartViewModel.swift */; };
		871EF8CB28D5814A0010F197 /* AppAppearance.swift in Sources */ = {isa = PBXBuildFile; fileRef = 871EF8CA28D5814A0010F197 /* AppAppearance.swift */; };
		871EF8CD28D5815D0010F197 /* AppFlowCoordinator.swift in Sources */ = {isa = PBXBuildFile; fileRef = 871EF8CC28D5815D0010F197 /* AppFlowCoordinator.swift */; };
		871EF8CF28D584000010F197 /* SceneDIContainer.swift in Sources */ = {isa = PBXBuildFile; fileRef = 871EF8CE28D584000010F197 /* SceneDIContainer.swift */; };
		871EF8D328D585E40010F197 /* TabbarController.swift in Sources */ = {isa = PBXBuildFile; fileRef = 871EF8D228D585E40010F197 /* TabbarController.swift */; };
		871EF8D828D587FE0010F197 /* FlowCoordinator.swift in Sources */ = {isa = PBXBuildFile; fileRef = 871EF8D728D587FE0010F197 /* FlowCoordinator.swift */; };
		871EF8DA28D5A2740010F197 /* DiaryUseCase.swift in Sources */ = {isa = PBXBuildFile; fileRef = 871EF8D928D5A2740010F197 /* DiaryUseCase.swift */; };
		871EF8DC28D5A36F0010F197 /* DiaryRepositoryInterface.swift in Sources */ = {isa = PBXBuildFile; fileRef = 871EF8DB28D5A36F0010F197 /* DiaryRepositoryInterface.swift */; };
		871EF8DE28D5A4010010F197 /* DiaryRepository.swift in Sources */ = {isa = PBXBuildFile; fileRef = 871EF8DD28D5A4010010F197 /* DiaryRepository.swift */; };
		871EF8E028D5A4830010F197 /* DiaryDataSource.swift in Sources */ = {isa = PBXBuildFile; fileRef = 871EF8DF28D5A4830010F197 /* DiaryDataSource.swift */; };
		871EF8E228D6D4EF0010F197 /* ChartUseCase.swift in Sources */ = {isa = PBXBuildFile; fileRef = 871EF8E128D6D4EF0010F197 /* ChartUseCase.swift */; };
		871EF8E428D6D5410010F197 /* ChartRepositoryInterface.swift in Sources */ = {isa = PBXBuildFile; fileRef = 871EF8E328D6D5410010F197 /* ChartRepositoryInterface.swift */; };
		871EF8E628D6D56E0010F197 /* ChartDataSource.swift in Sources */ = {isa = PBXBuildFile; fileRef = 871EF8E528D6D56E0010F197 /* ChartDataSource.swift */; };
		871EF8E828D6D58B0010F197 /* ChartRepository.swift in Sources */ = {isa = PBXBuildFile; fileRef = 871EF8E728D6D58B0010F197 /* ChartRepository.swift */; };
		871EF8EC28D6DE280010F197 /* Alertable.swift in Sources */ = {isa = PBXBuildFile; fileRef = 871EF8EB28D6DE280010F197 /* Alertable.swift */; };
		871EF8EE28D6F6DC0010F197 /* Colors.swift in Sources */ = {isa = PBXBuildFile; fileRef = 871EF8ED28D6F6DC0010F197 /* Colors.swift */; };
		87896A1028EC1CFF000EA9AC /* StringExtensions.swift in Sources */ = {isa = PBXBuildFile; fileRef = 87896A0F28EC1CFF000EA9AC /* StringExtensions.swift */; };
		87D1328328E0850C00F35E49 /* ButtonExtensions.swift in Sources */ = {isa = PBXBuildFile; fileRef = 87D1328228E0850C00F35E49 /* ButtonExtensions.swift */; };
		87D1328728E08B5900F35E49 /* UserDefault.swift in Sources */ = {isa = PBXBuildFile; fileRef = 87D1328628E08B5900F35E49 /* UserDefault.swift */; };
		87D1328928E1380000F35E49 /* IntExtensions.swift in Sources */ = {isa = PBXBuildFile; fileRef = 87D1328828E1380000F35E49 /* IntExtensions.swift */; };
		87D1328B28E1C03300F35E49 /* Cancelable.swift in Sources */ = {isa = PBXBuildFile; fileRef = 87D1328A28E1C03300F35E49 /* Cancelable.swift */; };
		87D1328E28E1C07B00F35E49 /* RepositoryTask.swift in Sources */ = {isa = PBXBuildFile; fileRef = 87D1328D28E1C07B00F35E49 /* RepositoryTask.swift */; };
		87FB55D328EB059D00F36DD5 /* SwiftUICharts in Frameworks */ = {isa = PBXBuildFile; productRef = 87FB55D228EB059D00F36DD5 /* SwiftUICharts */; };
		87FB634C28E6FD3F002C5C31 /* SpinnerViewController.swift in Sources */ = {isa = PBXBuildFile; fileRef = 87FB634B28E6FD3F002C5C31 /* SpinnerViewController.swift */; };
		87FED14C28E4033100C258CF /* DiaryCell.swift in Sources */ = {isa = PBXBuildFile; fileRef = 87FED14B28E4033100C258CF /* DiaryCell.swift */; };
		87FED14E28E4043B00C258CF /* BaseCollectionViewCell.swift in Sources */ = {isa = PBXBuildFile; fileRef = 87FED14D28E4043B00C258CF /* BaseCollectionViewCell.swift */; };
		87FED15028E43E6500C258CF /* Calculation.swift in Sources */ = {isa = PBXBuildFile; fileRef = 87FED14F28E43E6500C258CF /* Calculation.swift */; };
		E9B40F6DA84E926C71579DC3 /* Pods_CoinDiaryTests.framework in Frameworks */ = {isa = PBXBuildFile; fileRef = 40B1A42AEBE9AEB09EFBCC70 /* Pods_CoinDiaryTests.framework */; };
/* End PBXBuildFile section */

/* Begin PBXContainerItemProxy section */
		06B53C3928D2EFE2001B9BA2 /* PBXContainerItemProxy */ = {
			isa = PBXContainerItemProxy;
			containerPortal = 06B53C1728D2EFE1001B9BA2 /* Project object */;
			proxyType = 1;
			remoteGlobalIDString = 06B53C1E28D2EFE1001B9BA2;
			remoteInfo = CoinDiary;
		};
		06B53C4328D2EFE2001B9BA2 /* PBXContainerItemProxy */ = {
			isa = PBXContainerItemProxy;
			containerPortal = 06B53C1728D2EFE1001B9BA2 /* Project object */;
			proxyType = 1;
			remoteGlobalIDString = 06B53C1E28D2EFE1001B9BA2;
			remoteInfo = CoinDiary;
		};
/* End PBXContainerItemProxy section */

/* Begin PBXFileReference section */
		06050D6B28D834B500443156 /* GoogleService-Info.plist */ = {isa = PBXFileReference; fileEncoding = 4; lastKnownFileType = text.plist.xml; path = "GoogleService-Info.plist"; sourceTree = "<group>"; };
		06122D1028D2F84500792B87 /* AppDIContainer.swift */ = {isa = PBXFileReference; lastKnownFileType = sourcecode.swift; path = AppDIContainer.swift; sourceTree = "<group>"; };
		06122D1328D2F94100792B87 /* BaseViewController.swift */ = {isa = PBXFileReference; lastKnownFileType = sourcecode.swift; path = BaseViewController.swift; sourceTree = "<group>"; };
		06168E4E28F923D7009B036D /* CoinDTO.swift */ = {isa = PBXFileReference; lastKnownFileType = sourcecode.swift; path = CoinDTO.swift; sourceTree = "<group>"; };
		06168E5028F92476009B036D /* CoinEntity.swift */ = {isa = PBXFileReference; lastKnownFileType = sourcecode.swift; path = CoinEntity.swift; sourceTree = "<group>"; };
		06168E5228F925F5009B036D /* CoinDataSource.swift */ = {isa = PBXFileReference; lastKnownFileType = sourcecode.swift; path = CoinDataSource.swift; sourceTree = "<group>"; };
		0669684428DA986900C51B91 /* AddViewController.swift */ = {isa = PBXFileReference; lastKnownFileType = sourcecode.swift; path = AddViewController.swift; sourceTree = "<group>"; };
		0669684628DA9F2C00C51B91 /* AddViewModel.swift */ = {isa = PBXFileReference; lastKnownFileType = sourcecode.swift; path = AddViewModel.swift; sourceTree = "<group>"; };
		0669684A28DAA41F00C51B91 /* AddUseCase.swift */ = {isa = PBXFileReference; lastKnownFileType = sourcecode.swift; path = AddUseCase.swift; sourceTree = "<group>"; };
		0669684C28DAA44700C51B91 /* AddRepositoryInterface.swift */ = {isa = PBXFileReference; lastKnownFileType = sourcecode.swift; path = AddRepositoryInterface.swift; sourceTree = "<group>"; };
		0669684E28DAA46200C51B91 /* AddDataSource.swift */ = {isa = PBXFileReference; lastKnownFileType = sourcecode.swift; path = AddDataSource.swift; sourceTree = "<group>"; };
		0669685028DAA48700C51B91 /* AddRepository.swift */ = {isa = PBXFileReference; lastKnownFileType = sourcecode.swift; path = AddRepository.swift; sourceTree = "<group>"; };
		0669685428DAB19900C51B91 /* DateExtensions.swift */ = {isa = PBXFileReference; lastKnownFileType = sourcecode.swift; path = DateExtensions.swift; sourceTree = "<group>"; };
		069F0F7828F7E96600141635 /* CoinViewController.swift */ = {isa = PBXFileReference; lastKnownFileType = sourcecode.swift; path = CoinViewController.swift; sourceTree = "<group>"; };
		069F0F7B28F7E98F00141635 /* CoinViewModel.swift */ = {isa = PBXFileReference; lastKnownFileType = sourcecode.swift; path = CoinViewModel.swift; sourceTree = "<group>"; };
		06A74B8628DBF6AB000F7FE3 /* CustomLabel.swift */ = {isa = PBXFileReference; lastKnownFileType = sourcecode.swift; path = CustomLabel.swift; sourceTree = "<group>"; };
		06A74B8828DBFDBD000F7FE3 /* TextFieldExtensions.swift */ = {isa = PBXFileReference; lastKnownFileType = sourcecode.swift; path = TextFieldExtensions.swift; sourceTree = "<group>"; };
		06A74B8B28DC3507000F7FE3 /* PictureView.swift */ = {isa = PBXFileReference; lastKnownFileType = sourcecode.swift; path = PictureView.swift; sourceTree = "<group>"; };
		06AE277C28FE296D00A5B898 /* CoinRepository.swift */ = {isa = PBXFileReference; lastKnownFileType = sourcecode.swift; path = CoinRepository.swift; sourceTree = "<group>"; };
		06AE277E28FE2A3D00A5B898 /* CoinRepositoryInterface.swift */ = {isa = PBXFileReference; lastKnownFileType = sourcecode.swift; path = CoinRepositoryInterface.swift; sourceTree = "<group>"; };
		06AE278028FE384200A5B898 /* CoinUseCase.swift */ = {isa = PBXFileReference; lastKnownFileType = sourcecode.swift; path = CoinUseCase.swift; sourceTree = "<group>"; };
		06AE278328FF76C200A5B898 /* CoinCell.swift */ = {isa = PBXFileReference; lastKnownFileType = sourcecode.swift; path = CoinCell.swift; sourceTree = "<group>"; };
		06B53C1F28D2EFE1001B9BA2 /* CoinDiary.app */ = {isa = PBXFileReference; explicitFileType = wrapper.application; includeInIndex = 0; path = CoinDiary.app; sourceTree = BUILT_PRODUCTS_DIR; };
		06B53C2228D2EFE1001B9BA2 /* AppDelegate.swift */ = {isa = PBXFileReference; lastKnownFileType = sourcecode.swift; path = AppDelegate.swift; sourceTree = "<group>"; };
		06B53C2C28D2EFE1001B9BA2 /* CoinDiary.xcdatamodel */ = {isa = PBXFileReference; lastKnownFileType = wrapper.xcdatamodel; path = CoinDiary.xcdatamodel; sourceTree = "<group>"; };
		06B53C2E28D2EFE2001B9BA2 /* Assets.xcassets */ = {isa = PBXFileReference; lastKnownFileType = folder.assetcatalog; path = Assets.xcassets; sourceTree = "<group>"; };
		06B53C3128D2EFE2001B9BA2 /* Base */ = {isa = PBXFileReference; lastKnownFileType = file.storyboard; name = Base; path = Base.lproj/LaunchScreen.storyboard; sourceTree = "<group>"; };
		06B53C3328D2EFE2001B9BA2 /* Info.plist */ = {isa = PBXFileReference; lastKnownFileType = text.plist.xml; path = Info.plist; sourceTree = "<group>"; };
		06B53C3828D2EFE2001B9BA2 /* CoinDiaryTests.xctest */ = {isa = PBXFileReference; explicitFileType = wrapper.cfbundle; includeInIndex = 0; path = CoinDiaryTests.xctest; sourceTree = BUILT_PRODUCTS_DIR; };
		06B53C3C28D2EFE2001B9BA2 /* CoinDiaryTests.swift */ = {isa = PBXFileReference; lastKnownFileType = sourcecode.swift; path = CoinDiaryTests.swift; sourceTree = "<group>"; };
		06B53C4228D2EFE2001B9BA2 /* CoinDiaryUITests.xctest */ = {isa = PBXFileReference; explicitFileType = wrapper.cfbundle; includeInIndex = 0; path = CoinDiaryUITests.xctest; sourceTree = BUILT_PRODUCTS_DIR; };
		06B53C4628D2EFE2001B9BA2 /* CoinDiaryUITests.swift */ = {isa = PBXFileReference; lastKnownFileType = sourcecode.swift; path = CoinDiaryUITests.swift; sourceTree = "<group>"; };
		06B53C4828D2EFE2001B9BA2 /* CoinDiaryUITestsLaunchTests.swift */ = {isa = PBXFileReference; lastKnownFileType = sourcecode.swift; path = CoinDiaryUITestsLaunchTests.swift; sourceTree = "<group>"; };
		06FAC63B28F4F0A100DEEF14 /* EditViewController.swift */ = {isa = PBXFileReference; lastKnownFileType = sourcecode.swift; path = EditViewController.swift; sourceTree = "<group>"; };
		06FAC63D28F4F0B200DEEF14 /* EditViewModel.swift */ = {isa = PBXFileReference; lastKnownFileType = sourcecode.swift; path = EditViewModel.swift; sourceTree = "<group>"; };
		06FAC63F28F4F2DF00DEEF14 /* EditUseCase.swift */ = {isa = PBXFileReference; lastKnownFileType = sourcecode.swift; path = EditUseCase.swift; sourceTree = "<group>"; };
		06FAC64128F4F31900DEEF14 /* EditRepositoryInterface.swift */ = {isa = PBXFileReference; lastKnownFileType = sourcecode.swift; path = EditRepositoryInterface.swift; sourceTree = "<group>"; };
		06FAC64328F4F33100DEEF14 /* EditDataSource.swift */ = {isa = PBXFileReference; lastKnownFileType = sourcecode.swift; path = EditDataSource.swift; sourceTree = "<group>"; };
		06FAC64528F4F37000DEEF14 /* EditRepository.swift */ = {isa = PBXFileReference; lastKnownFileType = sourcecode.swift; path = EditRepository.swift; sourceTree = "<group>"; };
		395D1C89153AB689BC043A6D /* Pods-CoinDiary-CoinDiaryUITests.debug.xcconfig */ = {isa = PBXFileReference; includeInIndex = 1; lastKnownFileType = text.xcconfig; name = "Pods-CoinDiary-CoinDiaryUITests.debug.xcconfig"; path = "Target Support Files/Pods-CoinDiary-CoinDiaryUITests/Pods-CoinDiary-CoinDiaryUITests.debug.xcconfig"; sourceTree = "<group>"; };
		40B1A42AEBE9AEB09EFBCC70 /* Pods_CoinDiaryTests.framework */ = {isa = PBXFileReference; explicitFileType = wrapper.framework; includeInIndex = 0; path = Pods_CoinDiaryTests.framework; sourceTree = BUILT_PRODUCTS_DIR; };
		488438B225E91B1CF60A6256 /* Pods-CoinDiary-CoinDiaryUITests.release.xcconfig */ = {isa = PBXFileReference; includeInIndex = 1; lastKnownFileType = text.xcconfig; name = "Pods-CoinDiary-CoinDiaryUITests.release.xcconfig"; path = "Target Support Files/Pods-CoinDiary-CoinDiaryUITests/Pods-CoinDiary-CoinDiaryUITests.release.xcconfig"; sourceTree = "<group>"; };
		59A11911870B7A2ECCB18A89 /* Pods-CoinDiaryTests.debug.xcconfig */ = {isa = PBXFileReference; includeInIndex = 1; lastKnownFileType = text.xcconfig; name = "Pods-CoinDiaryTests.debug.xcconfig"; path = "Target Support Files/Pods-CoinDiaryTests/Pods-CoinDiaryTests.debug.xcconfig"; sourceTree = "<group>"; };
		7A1C892D8B2D75924DB510B7 /* Pods-CoinDiaryTests.release.xcconfig */ = {isa = PBXFileReference; includeInIndex = 1; lastKnownFileType = text.xcconfig; name = "Pods-CoinDiaryTests.release.xcconfig"; path = "Target Support Files/Pods-CoinDiaryTests/Pods-CoinDiaryTests.release.xcconfig"; sourceTree = "<group>"; };
		7AAC3AE55C7EB739958794D1 /* Pods_CoinDiary_CoinDiaryUITests.framework */ = {isa = PBXFileReference; explicitFileType = wrapper.framework; includeInIndex = 0; path = Pods_CoinDiary_CoinDiaryUITests.framework; sourceTree = BUILT_PRODUCTS_DIR; };
		870FB68128E46A94000FF80A /* DiaryDTO.swift */ = {isa = PBXFileReference; lastKnownFileType = sourcecode.swift; path = DiaryDTO.swift; sourceTree = "<group>"; };
		870FB68328E46F54000FF80A /* DiaryEntity.swift */ = {isa = PBXFileReference; lastKnownFileType = sourcecode.swift; path = DiaryEntity.swift; sourceTree = "<group>"; };
		871EF8C228D57DA50010F197 /* DiaryViewController.swift */ = {isa = PBXFileReference; lastKnownFileType = sourcecode.swift; path = DiaryViewController.swift; sourceTree = "<group>"; };
		871EF8C428D57DB40010F197 /* DiaryViewModel.swift */ = {isa = PBXFileReference; lastKnownFileType = sourcecode.swift; path = DiaryViewModel.swift; sourceTree = "<group>"; };
		871EF8C628D57DC20010F197 /* ChartViewController.swift */ = {isa = PBXFileReference; lastKnownFileType = sourcecode.swift; path = ChartViewController.swift; sourceTree = "<group>"; };
		871EF8C828D57DCC0010F197 /* ChartViewModel.swift */ = {isa = PBXFileReference; lastKnownFileType = sourcecode.swift; path = ChartViewModel.swift; sourceTree = "<group>"; };
		871EF8CA28D5814A0010F197 /* AppAppearance.swift */ = {isa = PBXFileReference; lastKnownFileType = sourcecode.swift; path = AppAppearance.swift; sourceTree = "<group>"; };
		871EF8CC28D5815D0010F197 /* AppFlowCoordinator.swift */ = {isa = PBXFileReference; lastKnownFileType = sourcecode.swift; path = AppFlowCoordinator.swift; sourceTree = "<group>"; };
		871EF8CE28D584000010F197 /* SceneDIContainer.swift */ = {isa = PBXFileReference; lastKnownFileType = sourcecode.swift; path = SceneDIContainer.swift; sourceTree = "<group>"; };
		871EF8D228D585E40010F197 /* TabbarController.swift */ = {isa = PBXFileReference; lastKnownFileType = sourcecode.swift; path = TabbarController.swift; sourceTree = "<group>"; };
		871EF8D728D587FE0010F197 /* FlowCoordinator.swift */ = {isa = PBXFileReference; lastKnownFileType = sourcecode.swift; path = FlowCoordinator.swift; sourceTree = "<group>"; };
		871EF8D928D5A2740010F197 /* DiaryUseCase.swift */ = {isa = PBXFileReference; lastKnownFileType = sourcecode.swift; path = DiaryUseCase.swift; sourceTree = "<group>"; };
		871EF8DB28D5A36F0010F197 /* DiaryRepositoryInterface.swift */ = {isa = PBXFileReference; lastKnownFileType = sourcecode.swift; path = DiaryRepositoryInterface.swift; sourceTree = "<group>"; };
		871EF8DD28D5A4010010F197 /* DiaryRepository.swift */ = {isa = PBXFileReference; lastKnownFileType = sourcecode.swift; path = DiaryRepository.swift; sourceTree = "<group>"; };
		871EF8DF28D5A4830010F197 /* DiaryDataSource.swift */ = {isa = PBXFileReference; lastKnownFileType = sourcecode.swift; path = DiaryDataSource.swift; sourceTree = "<group>"; };
		871EF8E128D6D4EF0010F197 /* ChartUseCase.swift */ = {isa = PBXFileReference; lastKnownFileType = sourcecode.swift; path = ChartUseCase.swift; sourceTree = "<group>"; };
		871EF8E328D6D5410010F197 /* ChartRepositoryInterface.swift */ = {isa = PBXFileReference; lastKnownFileType = sourcecode.swift; path = ChartRepositoryInterface.swift; sourceTree = "<group>"; };
		871EF8E528D6D56E0010F197 /* ChartDataSource.swift */ = {isa = PBXFileReference; lastKnownFileType = sourcecode.swift; path = ChartDataSource.swift; sourceTree = "<group>"; };
		871EF8E728D6D58B0010F197 /* ChartRepository.swift */ = {isa = PBXFileReference; lastKnownFileType = sourcecode.swift; path = ChartRepository.swift; sourceTree = "<group>"; };
		871EF8EB28D6DE280010F197 /* Alertable.swift */ = {isa = PBXFileReference; lastKnownFileType = sourcecode.swift; path = Alertable.swift; sourceTree = "<group>"; };
		871EF8ED28D6F6DC0010F197 /* Colors.swift */ = {isa = PBXFileReference; lastKnownFileType = sourcecode.swift; path = Colors.swift; sourceTree = "<group>"; };
		87896A0F28EC1CFF000EA9AC /* StringExtensions.swift */ = {isa = PBXFileReference; lastKnownFileType = sourcecode.swift; path = StringExtensions.swift; sourceTree = "<group>"; };
		87D1328228E0850C00F35E49 /* ButtonExtensions.swift */ = {isa = PBXFileReference; lastKnownFileType = sourcecode.swift; path = ButtonExtensions.swift; sourceTree = "<group>"; };
		87D1328628E08B5900F35E49 /* UserDefault.swift */ = {isa = PBXFileReference; lastKnownFileType = sourcecode.swift; path = UserDefault.swift; sourceTree = "<group>"; };
		87D1328828E1380000F35E49 /* IntExtensions.swift */ = {isa = PBXFileReference; lastKnownFileType = sourcecode.swift; path = IntExtensions.swift; sourceTree = "<group>"; };
		87D1328A28E1C03300F35E49 /* Cancelable.swift */ = {isa = PBXFileReference; lastKnownFileType = sourcecode.swift; path = Cancelable.swift; sourceTree = "<group>"; };
		87D1328D28E1C07B00F35E49 /* RepositoryTask.swift */ = {isa = PBXFileReference; lastKnownFileType = sourcecode.swift; path = RepositoryTask.swift; sourceTree = "<group>"; };
		87FB634B28E6FD3F002C5C31 /* SpinnerViewController.swift */ = {isa = PBXFileReference; lastKnownFileType = sourcecode.swift; path = SpinnerViewController.swift; sourceTree = "<group>"; };
		87FED14B28E4033100C258CF /* DiaryCell.swift */ = {isa = PBXFileReference; lastKnownFileType = sourcecode.swift; path = DiaryCell.swift; sourceTree = "<group>"; };
		87FED14D28E4043B00C258CF /* BaseCollectionViewCell.swift */ = {isa = PBXFileReference; lastKnownFileType = sourcecode.swift; path = BaseCollectionViewCell.swift; sourceTree = "<group>"; };
		87FED14F28E43E6500C258CF /* Calculation.swift */ = {isa = PBXFileReference; lastKnownFileType = sourcecode.swift; path = Calculation.swift; sourceTree = "<group>"; };
		BCA8D9BEDBC9EDACA8E42C16 /* Pods_CoinDiary.framework */ = {isa = PBXFileReference; explicitFileType = wrapper.framework; includeInIndex = 0; path = Pods_CoinDiary.framework; sourceTree = BUILT_PRODUCTS_DIR; };
		E1955311D052081B6FB9721C /* Pods-CoinDiary.release.xcconfig */ = {isa = PBXFileReference; includeInIndex = 1; lastKnownFileType = text.xcconfig; name = "Pods-CoinDiary.release.xcconfig"; path = "Target Support Files/Pods-CoinDiary/Pods-CoinDiary.release.xcconfig"; sourceTree = "<group>"; };
		F6FBB1D5BA41CE3F3BF644D3 /* Pods-CoinDiary.debug.xcconfig */ = {isa = PBXFileReference; includeInIndex = 1; lastKnownFileType = text.xcconfig; name = "Pods-CoinDiary.debug.xcconfig"; path = "Target Support Files/Pods-CoinDiary/Pods-CoinDiary.debug.xcconfig"; sourceTree = "<group>"; };
/* End PBXFileReference section */

/* Begin PBXFrameworksBuildPhase section */
		06B53C1C28D2EFE1001B9BA2 /* Frameworks */ = {
			isa = PBXFrameworksBuildPhase;
			buildActionMask = 2147483647;
			files = (
				87FB55D328EB059D00F36DD5 /* SwiftUICharts in Frameworks */,
				147521B8CE713D8BBFD0382F /* Pods_CoinDiary.framework in Frameworks */,
			);
			runOnlyForDeploymentPostprocessing = 0;
		};
		06B53C3528D2EFE2001B9BA2 /* Frameworks */ = {
			isa = PBXFrameworksBuildPhase;
			buildActionMask = 2147483647;
			files = (
				E9B40F6DA84E926C71579DC3 /* Pods_CoinDiaryTests.framework in Frameworks */,
			);
			runOnlyForDeploymentPostprocessing = 0;
		};
		06B53C3F28D2EFE2001B9BA2 /* Frameworks */ = {
			isa = PBXFrameworksBuildPhase;
			buildActionMask = 2147483647;
			files = (
				2C63C8E72D34651E87524A96 /* Pods_CoinDiary_CoinDiaryUITests.framework in Frameworks */,
			);
			runOnlyForDeploymentPostprocessing = 0;
		};
/* End PBXFrameworksBuildPhase section */

/* Begin PBXGroup section */
		06122D0328D2F0C000792B87 /* Resource */ = {
			isa = PBXGroup;
			children = (
				06B53C3328D2EFE2001B9BA2 /* Info.plist */,
				06B53C3028D2EFE2001B9BA2 /* LaunchScreen.storyboard */,
				06B53C2E28D2EFE2001B9BA2 /* Assets.xcassets */,
			);
			path = Resource;
			sourceTree = "<group>";
		};
		06122D0428D2F0D000792B87 /* Common */ = {
			isa = PBXGroup;
			children = (
				871EF8ED28D6F6DC0010F197 /* Colors.swift */,
				0669685428DAB19900C51B91 /* DateExtensions.swift */,
				06A74B8628DBF6AB000F7FE3 /* CustomLabel.swift */,
				06A74B8828DBFDBD000F7FE3 /* TextFieldExtensions.swift */,
				87D1328228E0850C00F35E49 /* ButtonExtensions.swift */,
				87D1328828E1380000F35E49 /* IntExtensions.swift */,
				87D1328A28E1C03300F35E49 /* Cancelable.swift */,
				87FB634B28E6FD3F002C5C31 /* SpinnerViewController.swift */,
				87896A0F28EC1CFF000EA9AC /* StringExtensions.swift */,
			);
			path = Common;
			sourceTree = "<group>";
		};
		06122D0528D2F0DF00792B87 /* Data */ = {
			isa = PBXGroup;
			children = (
				06122D2028D2FA2500792B87 /* DataSource */,
				06122D1F28D2FA1D00792B87 /* Repository */,
			);
			path = Data;
			sourceTree = "<group>";
		};
		06122D0628D2F0E400792B87 /* Domain */ = {
			isa = PBXGroup;
			children = (
				06122D1828D2F97A00792B87 /* Entity */,
				06122D1728D2F97300792B87 /* UseCase */,
				06122D1528D2F96200792B87 /* Interface */,
			);
			path = Domain;
			sourceTree = "<group>";
		};
		06122D0728D2F0E900792B87 /* Presentation */ = {
			isa = PBXGroup;
			children = (
				06122D1228D2F92F00792B87 /* Base */,
				871EF8C028D57D7B0010F197 /* Diary */,
				871EF8C128D57D850010F197 /* Chart */,
				069F0F7728F7E95700141635 /* Coin */,
				871EF8E928D6DDEE0010F197 /* Util */,
			);
			path = Presentation;
			sourceTree = "<group>";
		};
		06122D0828D2F0FD00792B87 /* Application */ = {
			isa = PBXGroup;
			children = (
				06B53C2228D2EFE1001B9BA2 /* AppDelegate.swift */,
				871EF8CA28D5814A0010F197 /* AppAppearance.swift */,
				871EF8CC28D5815D0010F197 /* AppFlowCoordinator.swift */,
				06122D0F28D2F82F00792B87 /* DIContainer */,
			);
			path = Application;
			sourceTree = "<group>";
		};
		06122D0F28D2F82F00792B87 /* DIContainer */ = {
			isa = PBXGroup;
			children = (
				06122D1028D2F84500792B87 /* AppDIContainer.swift */,
				871EF8CE28D584000010F197 /* SceneDIContainer.swift */,
			);
			path = DIContainer;
			sourceTree = "<group>";
		};
		06122D1228D2F92F00792B87 /* Base */ = {
			isa = PBXGroup;
			children = (
				871EF8D628D587E20010F197 /* Flow */,
				06122D1328D2F94100792B87 /* BaseViewController.swift */,
				871EF8D228D585E40010F197 /* TabbarController.swift */,
				87FED14D28E4043B00C258CF /* BaseCollectionViewCell.swift */,
			);
			path = Base;
			sourceTree = "<group>";
		};
		06122D1528D2F96200792B87 /* Interface */ = {
			isa = PBXGroup;
			children = (
				06122D1628D2F96900792B87 /* Repository */,
			);
			path = Interface;
			sourceTree = "<group>";
		};
		06122D1628D2F96900792B87 /* Repository */ = {
			isa = PBXGroup;
			children = (
				871EF8DB28D5A36F0010F197 /* DiaryRepositoryInterface.swift */,
				06FAC64128F4F31900DEEF14 /* EditRepositoryInterface.swift */,
				0669684C28DAA44700C51B91 /* AddRepositoryInterface.swift */,
				871EF8E328D6D5410010F197 /* ChartRepositoryInterface.swift */,
				06AE277E28FE2A3D00A5B898 /* CoinRepositoryInterface.swift */,
			);
			path = Repository;
			sourceTree = "<group>";
		};
		06122D1728D2F97300792B87 /* UseCase */ = {
			isa = PBXGroup;
			children = (
				871EF8D928D5A2740010F197 /* DiaryUseCase.swift */,
				06FAC63F28F4F2DF00DEEF14 /* EditUseCase.swift */,
				0669684A28DAA41F00C51B91 /* AddUseCase.swift */,
				871EF8E128D6D4EF0010F197 /* ChartUseCase.swift */,
				06AE278028FE384200A5B898 /* CoinUseCase.swift */,
			);
			path = UseCase;
			sourceTree = "<group>";
		};
		06122D1828D2F97A00792B87 /* Entity */ = {
			isa = PBXGroup;
			children = (
				870FB68328E46F54000FF80A /* DiaryEntity.swift */,
				06168E5028F92476009B036D /* CoinEntity.swift */,
			);
			path = Entity;
			sourceTree = "<group>";
		};
		06122D1F28D2FA1D00792B87 /* Repository */ = {
			isa = PBXGroup;
			children = (
				87D1328C28E1C05A00F35E49 /* Util */,
				871EF8DD28D5A4010010F197 /* DiaryRepository.swift */,
				06FAC64528F4F37000DEEF14 /* EditRepository.swift */,
				0669685028DAA48700C51B91 /* AddRepository.swift */,
				871EF8E728D6D58B0010F197 /* ChartRepository.swift */,
				06AE277C28FE296D00A5B898 /* CoinRepository.swift */,
			);
			path = Repository;
			sourceTree = "<group>";
		};
		06122D2028D2FA2500792B87 /* DataSource */ = {
			isa = PBXGroup;
			children = (
				06122D2128D2FA3C00792B87 /* DTO */,
				871EF8DF28D5A4830010F197 /* DiaryDataSource.swift */,
				06FAC64328F4F33100DEEF14 /* EditDataSource.swift */,
				0669684E28DAA46200C51B91 /* AddDataSource.swift */,
				871EF8E528D6D56E0010F197 /* ChartDataSource.swift */,
				06168E5228F925F5009B036D /* CoinDataSource.swift */,
			);
			path = DataSource;
			sourceTree = "<group>";
		};
		06122D2128D2FA3C00792B87 /* DTO */ = {
			isa = PBXGroup;
			children = (
				870FB68128E46A94000FF80A /* DiaryDTO.swift */,
				06168E4E28F923D7009B036D /* CoinDTO.swift */,
			);
			path = DTO;
			sourceTree = "<group>";
		};
		0669684828DA9F3C00C51B91 /* View */ = {
			isa = PBXGroup;
			children = (
				871EF8C228D57DA50010F197 /* DiaryViewController.swift */,
				06FAC63B28F4F0A100DEEF14 /* EditViewController.swift */,
				0669684428DA986900C51B91 /* AddViewController.swift */,
				06A74B8A28DC34DA000F7FE3 /* Custom */,
			);
			path = View;
			sourceTree = "<group>";
		};
		0669684928DA9F4100C51B91 /* ViewModel */ = {
			isa = PBXGroup;
			children = (
				871EF8C428D57DB40010F197 /* DiaryViewModel.swift */,
				06FAC63D28F4F0B200DEEF14 /* EditViewModel.swift */,
				0669684628DA9F2C00C51B91 /* AddViewModel.swift */,
			);
			path = ViewModel;
			sourceTree = "<group>";
		};
		069F0F7728F7E95700141635 /* Coin */ = {
			isa = PBXGroup;
			children = (
				069F0F7828F7E96600141635 /* CoinViewController.swift */,
				069F0F7A28F7E97700141635 /* ViewModel */,
				06AE278228FF766F00A5B898 /* Custom */,
			);
			path = Coin;
			sourceTree = "<group>";
		};
		069F0F7A28F7E97700141635 /* ViewModel */ = {
			isa = PBXGroup;
			children = (
				069F0F7B28F7E98F00141635 /* CoinViewModel.swift */,
			);
			path = ViewModel;
			sourceTree = "<group>";
		};
		06A74B8A28DC34DA000F7FE3 /* Custom */ = {
			isa = PBXGroup;
			children = (
				06A74B8B28DC3507000F7FE3 /* PictureView.swift */,
				87FED14B28E4033100C258CF /* DiaryCell.swift */,
			);
			path = Custom;
			sourceTree = "<group>";
		};
		06AE278228FF766F00A5B898 /* Custom */ = {
			isa = PBXGroup;
			children = (
				06AE278328FF76C200A5B898 /* CoinCell.swift */,
			);
			path = Custom;
			sourceTree = "<group>";
		};
		06B53C1628D2EFE1001B9BA2 = {
			isa = PBXGroup;
			children = (
				06B53C2128D2EFE1001B9BA2 /* CoinDiary */,
				06B53C3B28D2EFE2001B9BA2 /* CoinDiaryTests */,
				06B53C4528D2EFE2001B9BA2 /* CoinDiaryUITests */,
				06B53C2028D2EFE1001B9BA2 /* Products */,
				B748F12072EF03438C7BA868 /* Pods */,
				B9D7694C1E2BE682FDAFCC9D /* Frameworks */,
			);
			sourceTree = "<group>";
		};
		06B53C2028D2EFE1001B9BA2 /* Products */ = {
			isa = PBXGroup;
			children = (
				06B53C1F28D2EFE1001B9BA2 /* CoinDiary.app */,
				06B53C3828D2EFE2001B9BA2 /* CoinDiaryTests.xctest */,
				06B53C4228D2EFE2001B9BA2 /* CoinDiaryUITests.xctest */,
			);
			name = Products;
			sourceTree = "<group>";
		};
		06B53C2128D2EFE1001B9BA2 /* CoinDiary */ = {
			isa = PBXGroup;
			children = (
				06050D6B28D834B500443156 /* GoogleService-Info.plist */,
				06122D0828D2F0FD00792B87 /* Application */,
				06122D0728D2F0E900792B87 /* Presentation */,
				06122D0628D2F0E400792B87 /* Domain */,
				06122D0528D2F0DF00792B87 /* Data */,
				06122D0428D2F0D000792B87 /* Common */,
				06122D0328D2F0C000792B87 /* Resource */,
				06B53C2B28D2EFE1001B9BA2 /* CoinDiary.xcdatamodeld */,
			);
			path = CoinDiary;
			sourceTree = "<group>";
		};
		06B53C3B28D2EFE2001B9BA2 /* CoinDiaryTests */ = {
			isa = PBXGroup;
			children = (
				06B53C3C28D2EFE2001B9BA2 /* CoinDiaryTests.swift */,
			);
			path = CoinDiaryTests;
			sourceTree = "<group>";
		};
		06B53C4528D2EFE2001B9BA2 /* CoinDiaryUITests */ = {
			isa = PBXGroup;
			children = (
				06B53C4628D2EFE2001B9BA2 /* CoinDiaryUITests.swift */,
				06B53C4828D2EFE2001B9BA2 /* CoinDiaryUITestsLaunchTests.swift */,
			);
			path = CoinDiaryUITests;
			sourceTree = "<group>";
		};
		871EF8C028D57D7B0010F197 /* Diary */ = {
			isa = PBXGroup;
			children = (
				0669684828DA9F3C00C51B91 /* View */,
				0669684928DA9F4100C51B91 /* ViewModel */,
			);
			path = Diary;
			sourceTree = "<group>";
		};
		871EF8C128D57D850010F197 /* Chart */ = {
			isa = PBXGroup;
			children = (
				871EF8C628D57DC20010F197 /* ChartViewController.swift */,
				87896A0E28EBDC0A000EA9AC /* ViewModel */,
			);
			path = Chart;
			sourceTree = "<group>";
		};
		871EF8D628D587E20010F197 /* Flow */ = {
			isa = PBXGroup;
			children = (
				871EF8D728D587FE0010F197 /* FlowCoordinator.swift */,
			);
			path = Flow;
			sourceTree = "<group>";
		};
		871EF8E928D6DDEE0010F197 /* Util */ = {
			isa = PBXGroup;
			children = (
				871EF8EA28D6DE170010F197 /* Protocol */,
			);
			path = Util;
			sourceTree = "<group>";
		};
		871EF8EA28D6DE170010F197 /* Protocol */ = {
			isa = PBXGroup;
			children = (
				871EF8EB28D6DE280010F197 /* Alertable.swift */,
				87D1328628E08B5900F35E49 /* UserDefault.swift */,
				87FED14F28E43E6500C258CF /* Calculation.swift */,
			);
			path = Protocol;
			sourceTree = "<group>";
		};
		87896A0E28EBDC0A000EA9AC /* ViewModel */ = {
			isa = PBXGroup;
			children = (
				871EF8C828D57DCC0010F197 /* ChartViewModel.swift */,
			);
			path = ViewModel;
			sourceTree = "<group>";
		};
		87D1328C28E1C05A00F35E49 /* Util */ = {
			isa = PBXGroup;
			children = (
				87D1328D28E1C07B00F35E49 /* RepositoryTask.swift */,
			);
			path = Util;
			sourceTree = "<group>";
		};
		B748F12072EF03438C7BA868 /* Pods */ = {
			isa = PBXGroup;
			children = (
				F6FBB1D5BA41CE3F3BF644D3 /* Pods-CoinDiary.debug.xcconfig */,
				E1955311D052081B6FB9721C /* Pods-CoinDiary.release.xcconfig */,
				395D1C89153AB689BC043A6D /* Pods-CoinDiary-CoinDiaryUITests.debug.xcconfig */,
				488438B225E91B1CF60A6256 /* Pods-CoinDiary-CoinDiaryUITests.release.xcconfig */,
				59A11911870B7A2ECCB18A89 /* Pods-CoinDiaryTests.debug.xcconfig */,
				7A1C892D8B2D75924DB510B7 /* Pods-CoinDiaryTests.release.xcconfig */,
			);
			path = Pods;
			sourceTree = "<group>";
		};
		B9D7694C1E2BE682FDAFCC9D /* Frameworks */ = {
			isa = PBXGroup;
			children = (
				BCA8D9BEDBC9EDACA8E42C16 /* Pods_CoinDiary.framework */,
				7AAC3AE55C7EB739958794D1 /* Pods_CoinDiary_CoinDiaryUITests.framework */,
				40B1A42AEBE9AEB09EFBCC70 /* Pods_CoinDiaryTests.framework */,
			);
			name = Frameworks;
			sourceTree = "<group>";
		};
/* End PBXGroup section */

/* Begin PBXNativeTarget section */
		06B53C1E28D2EFE1001B9BA2 /* CoinDiary */ = {
			isa = PBXNativeTarget;
			buildConfigurationList = 06B53C4C28D2EFE2001B9BA2 /* Build configuration list for PBXNativeTarget "CoinDiary" */;
			buildPhases = (
				C153AB69A1CA25FFE28AAC2D /* [CP] Check Pods Manifest.lock */,
				06B53C1B28D2EFE1001B9BA2 /* Sources */,
				06B53C1C28D2EFE1001B9BA2 /* Frameworks */,
				06B53C1D28D2EFE1001B9BA2 /* Resources */,
				6028D1526098E6E3CC0A1B9D /* [CP] Embed Pods Frameworks */,
			);
			buildRules = (
			);
			dependencies = (
			);
			name = CoinDiary;
			packageProductDependencies = (
				87FB55D228EB059D00F36DD5 /* SwiftUICharts */,
			);
			productName = CoinDiary;
			productReference = 06B53C1F28D2EFE1001B9BA2 /* CoinDiary.app */;
			productType = "com.apple.product-type.application";
		};
		06B53C3728D2EFE2001B9BA2 /* CoinDiaryTests */ = {
			isa = PBXNativeTarget;
			buildConfigurationList = 06B53C4F28D2EFE2001B9BA2 /* Build configuration list for PBXNativeTarget "CoinDiaryTests" */;
			buildPhases = (
				1235C6F2D977B0E393E7BE5D /* [CP] Check Pods Manifest.lock */,
				06B53C3428D2EFE2001B9BA2 /* Sources */,
				06B53C3528D2EFE2001B9BA2 /* Frameworks */,
				06B53C3628D2EFE2001B9BA2 /* Resources */,
			);
			buildRules = (
			);
			dependencies = (
				06B53C3A28D2EFE2001B9BA2 /* PBXTargetDependency */,
			);
			name = CoinDiaryTests;
			productName = CoinDiaryTests;
			productReference = 06B53C3828D2EFE2001B9BA2 /* CoinDiaryTests.xctest */;
			productType = "com.apple.product-type.bundle.unit-test";
		};
		06B53C4128D2EFE2001B9BA2 /* CoinDiaryUITests */ = {
			isa = PBXNativeTarget;
			buildConfigurationList = 06B53C5228D2EFE2001B9BA2 /* Build configuration list for PBXNativeTarget "CoinDiaryUITests" */;
			buildPhases = (
				D9473FBD332BDB5160A725FF /* [CP] Check Pods Manifest.lock */,
				06B53C3E28D2EFE2001B9BA2 /* Sources */,
				06B53C3F28D2EFE2001B9BA2 /* Frameworks */,
				06B53C4028D2EFE2001B9BA2 /* Resources */,
				C97B0D3D767AF285AEB974F2 /* [CP] Embed Pods Frameworks */,
			);
			buildRules = (
			);
			dependencies = (
				06B53C4428D2EFE2001B9BA2 /* PBXTargetDependency */,
			);
			name = CoinDiaryUITests;
			productName = CoinDiaryUITests;
			productReference = 06B53C4228D2EFE2001B9BA2 /* CoinDiaryUITests.xctest */;
			productType = "com.apple.product-type.bundle.ui-testing";
		};
/* End PBXNativeTarget section */

/* Begin PBXProject section */
		06B53C1728D2EFE1001B9BA2 /* Project object */ = {
			isa = PBXProject;
			attributes = {
				BuildIndependentTargetsInParallel = 1;
				LastSwiftUpdateCheck = 1340;
				LastUpgradeCheck = 1340;
				TargetAttributes = {
					06B53C1E28D2EFE1001B9BA2 = {
						CreatedOnToolsVersion = 13.4.1;
					};
					06B53C3728D2EFE2001B9BA2 = {
						CreatedOnToolsVersion = 13.4.1;
						TestTargetID = 06B53C1E28D2EFE1001B9BA2;
					};
					06B53C4128D2EFE2001B9BA2 = {
						CreatedOnToolsVersion = 13.4.1;
						TestTargetID = 06B53C1E28D2EFE1001B9BA2;
					};
				};
			};
			buildConfigurationList = 06B53C1A28D2EFE1001B9BA2 /* Build configuration list for PBXProject "CoinDiary" */;
			compatibilityVersion = "Xcode 13.0";
			developmentRegion = en;
			hasScannedForEncodings = 0;
			knownRegions = (
				en,
				Base,
			);
			mainGroup = 06B53C1628D2EFE1001B9BA2;
			packageReferences = (
				87FB55D128EB059D00F36DD5 /* XCRemoteSwiftPackageReference "ChartView" */,
			);
			productRefGroup = 06B53C2028D2EFE1001B9BA2 /* Products */;
			projectDirPath = "";
			projectRoot = "";
			targets = (
				06B53C1E28D2EFE1001B9BA2 /* CoinDiary */,
				06B53C3728D2EFE2001B9BA2 /* CoinDiaryTests */,
				06B53C4128D2EFE2001B9BA2 /* CoinDiaryUITests */,
			);
		};
/* End PBXProject section */

/* Begin PBXResourcesBuildPhase section */
		06B53C1D28D2EFE1001B9BA2 /* Resources */ = {
			isa = PBXResourcesBuildPhase;
			buildActionMask = 2147483647;
			files = (
				06B53C3228D2EFE2001B9BA2 /* LaunchScreen.storyboard in Resources */,
				06B53C2F28D2EFE2001B9BA2 /* Assets.xcassets in Resources */,
				06050D6C28D834B500443156 /* GoogleService-Info.plist in Resources */,
			);
			runOnlyForDeploymentPostprocessing = 0;
		};
		06B53C3628D2EFE2001B9BA2 /* Resources */ = {
			isa = PBXResourcesBuildPhase;
			buildActionMask = 2147483647;
			files = (
			);
			runOnlyForDeploymentPostprocessing = 0;
		};
		06B53C4028D2EFE2001B9BA2 /* Resources */ = {
			isa = PBXResourcesBuildPhase;
			buildActionMask = 2147483647;
			files = (
			);
			runOnlyForDeploymentPostprocessing = 0;
		};
/* End PBXResourcesBuildPhase section */

/* Begin PBXShellScriptBuildPhase section */
		1235C6F2D977B0E393E7BE5D /* [CP] Check Pods Manifest.lock */ = {
			isa = PBXShellScriptBuildPhase;
			buildActionMask = 2147483647;
			files = (
			);
			inputFileListPaths = (
			);
			inputPaths = (
				"${PODS_PODFILE_DIR_PATH}/Podfile.lock",
				"${PODS_ROOT}/Manifest.lock",
			);
			name = "[CP] Check Pods Manifest.lock";
			outputFileListPaths = (
			);
			outputPaths = (
				"$(DERIVED_FILE_DIR)/Pods-CoinDiaryTests-checkManifestLockResult.txt",
			);
			runOnlyForDeploymentPostprocessing = 0;
			shellPath = /bin/sh;
			shellScript = "diff \"${PODS_PODFILE_DIR_PATH}/Podfile.lock\" \"${PODS_ROOT}/Manifest.lock\" > /dev/null\nif [ $? != 0 ] ; then\n    # print error to STDERR\n    echo \"error: The sandbox is not in sync with the Podfile.lock. Run 'pod install' or update your CocoaPods installation.\" >&2\n    exit 1\nfi\n# This output is used by Xcode 'outputs' to avoid re-running this script phase.\necho \"SUCCESS\" > \"${SCRIPT_OUTPUT_FILE_0}\"\n";
			showEnvVarsInLog = 0;
		};
		6028D1526098E6E3CC0A1B9D /* [CP] Embed Pods Frameworks */ = {
			isa = PBXShellScriptBuildPhase;
			buildActionMask = 2147483647;
			files = (
			);
			inputFileListPaths = (
				"${PODS_ROOT}/Target Support Files/Pods-CoinDiary/Pods-CoinDiary-frameworks-${CONFIGURATION}-input-files.xcfilelist",
			);
			name = "[CP] Embed Pods Frameworks";
			outputFileListPaths = (
				"${PODS_ROOT}/Target Support Files/Pods-CoinDiary/Pods-CoinDiary-frameworks-${CONFIGURATION}-output-files.xcfilelist",
			);
			runOnlyForDeploymentPostprocessing = 0;
			shellPath = /bin/sh;
			shellScript = "\"${PODS_ROOT}/Target Support Files/Pods-CoinDiary/Pods-CoinDiary-frameworks.sh\"\n";
			showEnvVarsInLog = 0;
		};
		C153AB69A1CA25FFE28AAC2D /* [CP] Check Pods Manifest.lock */ = {
			isa = PBXShellScriptBuildPhase;
			buildActionMask = 2147483647;
			files = (
			);
			inputFileListPaths = (
			);
			inputPaths = (
				"${PODS_PODFILE_DIR_PATH}/Podfile.lock",
				"${PODS_ROOT}/Manifest.lock",
			);
			name = "[CP] Check Pods Manifest.lock";
			outputFileListPaths = (
			);
			outputPaths = (
				"$(DERIVED_FILE_DIR)/Pods-CoinDiary-checkManifestLockResult.txt",
			);
			runOnlyForDeploymentPostprocessing = 0;
			shellPath = /bin/sh;
			shellScript = "diff \"${PODS_PODFILE_DIR_PATH}/Podfile.lock\" \"${PODS_ROOT}/Manifest.lock\" > /dev/null\nif [ $? != 0 ] ; then\n    # print error to STDERR\n    echo \"error: The sandbox is not in sync with the Podfile.lock. Run 'pod install' or update your CocoaPods installation.\" >&2\n    exit 1\nfi\n# This output is used by Xcode 'outputs' to avoid re-running this script phase.\necho \"SUCCESS\" > \"${SCRIPT_OUTPUT_FILE_0}\"\n";
			showEnvVarsInLog = 0;
		};
		C97B0D3D767AF285AEB974F2 /* [CP] Embed Pods Frameworks */ = {
			isa = PBXShellScriptBuildPhase;
			buildActionMask = 2147483647;
			files = (
			);
			inputFileListPaths = (
				"${PODS_ROOT}/Target Support Files/Pods-CoinDiary-CoinDiaryUITests/Pods-CoinDiary-CoinDiaryUITests-frameworks-${CONFIGURATION}-input-files.xcfilelist",
			);
			name = "[CP] Embed Pods Frameworks";
			outputFileListPaths = (
				"${PODS_ROOT}/Target Support Files/Pods-CoinDiary-CoinDiaryUITests/Pods-CoinDiary-CoinDiaryUITests-frameworks-${CONFIGURATION}-output-files.xcfilelist",
			);
			runOnlyForDeploymentPostprocessing = 0;
			shellPath = /bin/sh;
			shellScript = "\"${PODS_ROOT}/Target Support Files/Pods-CoinDiary-CoinDiaryUITests/Pods-CoinDiary-CoinDiaryUITests-frameworks.sh\"\n";
			showEnvVarsInLog = 0;
		};
		D9473FBD332BDB5160A725FF /* [CP] Check Pods Manifest.lock */ = {
			isa = PBXShellScriptBuildPhase;
			buildActionMask = 2147483647;
			files = (
			);
			inputFileListPaths = (
			);
			inputPaths = (
				"${PODS_PODFILE_DIR_PATH}/Podfile.lock",
				"${PODS_ROOT}/Manifest.lock",
			);
			name = "[CP] Check Pods Manifest.lock";
			outputFileListPaths = (
			);
			outputPaths = (
				"$(DERIVED_FILE_DIR)/Pods-CoinDiary-CoinDiaryUITests-checkManifestLockResult.txt",
			);
			runOnlyForDeploymentPostprocessing = 0;
			shellPath = /bin/sh;
			shellScript = "diff \"${PODS_PODFILE_DIR_PATH}/Podfile.lock\" \"${PODS_ROOT}/Manifest.lock\" > /dev/null\nif [ $? != 0 ] ; then\n    # print error to STDERR\n    echo \"error: The sandbox is not in sync with the Podfile.lock. Run 'pod install' or update your CocoaPods installation.\" >&2\n    exit 1\nfi\n# This output is used by Xcode 'outputs' to avoid re-running this script phase.\necho \"SUCCESS\" > \"${SCRIPT_OUTPUT_FILE_0}\"\n";
			showEnvVarsInLog = 0;
		};
/* End PBXShellScriptBuildPhase section */

/* Begin PBXSourcesBuildPhase section */
		06B53C1B28D2EFE1001B9BA2 /* Sources */ = {
			isa = PBXSourcesBuildPhase;
			buildActionMask = 2147483647;
			files = (
				87D1328728E08B5900F35E49 /* UserDefault.swift in Sources */,
				871EF8C928D57DCC0010F197 /* ChartViewModel.swift in Sources */,
				0669684B28DAA41F00C51B91 /* AddUseCase.swift in Sources */,
				87D1328928E1380000F35E49 /* IntExtensions.swift in Sources */,
				871EF8E828D6D58B0010F197 /* ChartRepository.swift in Sources */,
				06A74B8928DBFDBD000F7FE3 /* TextFieldExtensions.swift in Sources */,
				871EF8C528D57DB40010F197 /* DiaryViewModel.swift in Sources */,
				871EF8C728D57DC20010F197 /* ChartViewController.swift in Sources */,
				06FAC64428F4F33100DEEF14 /* EditDataSource.swift in Sources */,
				06FAC63C28F4F0A100DEEF14 /* EditViewController.swift in Sources */,
				06122D1128D2F84500792B87 /* AppDIContainer.swift in Sources */,
				06168E5328F925F5009B036D /* CoinDataSource.swift in Sources */,
				06AE277F28FE2A3D00A5B898 /* CoinRepositoryInterface.swift in Sources */,
				0669684F28DAA46200C51B91 /* AddDataSource.swift in Sources */,
				06FAC64228F4F31900DEEF14 /* EditRepositoryInterface.swift in Sources */,
				06AE277D28FE296D00A5B898 /* CoinRepository.swift in Sources */,
				871EF8E628D6D56E0010F197 /* ChartDataSource.swift in Sources */,
				0669684728DA9F2C00C51B91 /* AddViewModel.swift in Sources */,
				06B53C2D28D2EFE1001B9BA2 /* CoinDiary.xcdatamodeld in Sources */,
				870FB68428E46F54000FF80A /* DiaryEntity.swift in Sources */,
				871EF8D828D587FE0010F197 /* FlowCoordinator.swift in Sources */,
				87FB634C28E6FD3F002C5C31 /* SpinnerViewController.swift in Sources */,
				871EF8C328D57DA50010F197 /* DiaryViewController.swift in Sources */,
				069F0F7928F7E96600141635 /* CoinViewController.swift in Sources */,
				06A74B8728DBF6AB000F7FE3 /* CustomLabel.swift in Sources */,
				871EF8DA28D5A2740010F197 /* DiaryUseCase.swift in Sources */,
				06168E4F28F923D7009B036D /* CoinDTO.swift in Sources */,
				871EF8E228D6D4EF0010F197 /* ChartUseCase.swift in Sources */,
				871EF8CF28D584000010F197 /* SceneDIContainer.swift in Sources */,
				87FED15028E43E6500C258CF /* Calculation.swift in Sources */,
				06B53C2328D2EFE1001B9BA2 /* AppDelegate.swift in Sources */,
				871EF8CD28D5815D0010F197 /* AppFlowCoordinator.swift in Sources */,
				069F0F7C28F7E98F00141635 /* CoinViewModel.swift in Sources */,
				06FAC64028F4F2DF00DEEF14 /* EditUseCase.swift in Sources */,
				87D1328328E0850C00F35E49 /* ButtonExtensions.swift in Sources */,
				06FAC63E28F4F0B200DEEF14 /* EditViewModel.swift in Sources */,
				870FB68228E46A94000FF80A /* DiaryDTO.swift in Sources */,
				0669685128DAA48700C51B91 /* AddRepository.swift in Sources */,
				0669684D28DAA44700C51B91 /* AddRepositoryInterface.swift in Sources */,
				87D1328E28E1C07B00F35E49 /* RepositoryTask.swift in Sources */,
				06122D1428D2F94100792B87 /* BaseViewController.swift in Sources */,
				871EF8E028D5A4830010F197 /* DiaryDataSource.swift in Sources */,
				87896A1028EC1CFF000EA9AC /* StringExtensions.swift in Sources */,
				87FED14E28E4043B00C258CF /* BaseCollectionViewCell.swift in Sources */,
				87D1328B28E1C03300F35E49 /* Cancelable.swift in Sources */,
				06A74B8C28DC3507000F7FE3 /* PictureView.swift in Sources */,
				06AE278428FF76C200A5B898 /* CoinCell.swift in Sources */,
				871EF8DE28D5A4010010F197 /* DiaryRepository.swift in Sources */,
				871EF8E428D6D5410010F197 /* ChartRepositoryInterface.swift in Sources */,
				871EF8EE28D6F6DC0010F197 /* Colors.swift in Sources */,
				06AE278128FE384200A5B898 /* CoinUseCase.swift in Sources */,
				06168E5128F92476009B036D /* CoinEntity.swift in Sources */,
				06FAC64628F4F37000DEEF14 /* EditRepository.swift in Sources */,
				87FED14C28E4033100C258CF /* DiaryCell.swift in Sources */,
				871EF8D328D585E40010F197 /* TabbarController.swift in Sources */,
				871EF8CB28D5814A0010F197 /* AppAppearance.swift in Sources */,
				871EF8DC28D5A36F0010F197 /* DiaryRepositoryInterface.swift in Sources */,
				0669685528DAB19900C51B91 /* DateExtensions.swift in Sources */,
				0669684528DA986900C51B91 /* AddViewController.swift in Sources */,
				871EF8EC28D6DE280010F197 /* Alertable.swift in Sources */,
			);
			runOnlyForDeploymentPostprocessing = 0;
		};
		06B53C3428D2EFE2001B9BA2 /* Sources */ = {
			isa = PBXSourcesBuildPhase;
			buildActionMask = 2147483647;
			files = (
				06B53C3D28D2EFE2001B9BA2 /* CoinDiaryTests.swift in Sources */,
			);
			runOnlyForDeploymentPostprocessing = 0;
		};
		06B53C3E28D2EFE2001B9BA2 /* Sources */ = {
			isa = PBXSourcesBuildPhase;
			buildActionMask = 2147483647;
			files = (
				06B53C4728D2EFE2001B9BA2 /* CoinDiaryUITests.swift in Sources */,
				06B53C4928D2EFE2001B9BA2 /* CoinDiaryUITestsLaunchTests.swift in Sources */,
			);
			runOnlyForDeploymentPostprocessing = 0;
		};
/* End PBXSourcesBuildPhase section */

/* Begin PBXTargetDependency section */
		06B53C3A28D2EFE2001B9BA2 /* PBXTargetDependency */ = {
			isa = PBXTargetDependency;
			target = 06B53C1E28D2EFE1001B9BA2 /* CoinDiary */;
			targetProxy = 06B53C3928D2EFE2001B9BA2 /* PBXContainerItemProxy */;
		};
		06B53C4428D2EFE2001B9BA2 /* PBXTargetDependency */ = {
			isa = PBXTargetDependency;
			target = 06B53C1E28D2EFE1001B9BA2 /* CoinDiary */;
			targetProxy = 06B53C4328D2EFE2001B9BA2 /* PBXContainerItemProxy */;
		};
/* End PBXTargetDependency section */

/* Begin PBXVariantGroup section */
		06B53C3028D2EFE2001B9BA2 /* LaunchScreen.storyboard */ = {
			isa = PBXVariantGroup;
			children = (
				06B53C3128D2EFE2001B9BA2 /* Base */,
			);
			name = LaunchScreen.storyboard;
			sourceTree = "<group>";
		};
/* End PBXVariantGroup section */

/* Begin XCBuildConfiguration section */
		06B53C4A28D2EFE2001B9BA2 /* Debug */ = {
			isa = XCBuildConfiguration;
			buildSettings = {
				ALWAYS_SEARCH_USER_PATHS = NO;
				CLANG_ANALYZER_NONNULL = YES;
				CLANG_ANALYZER_NUMBER_OBJECT_CONVERSION = YES_AGGRESSIVE;
				CLANG_CXX_LANGUAGE_STANDARD = "gnu++17";
				CLANG_ENABLE_MODULES = YES;
				CLANG_ENABLE_OBJC_ARC = YES;
				CLANG_ENABLE_OBJC_WEAK = YES;
				CLANG_WARN_BLOCK_CAPTURE_AUTORELEASING = YES;
				CLANG_WARN_BOOL_CONVERSION = YES;
				CLANG_WARN_COMMA = YES;
				CLANG_WARN_CONSTANT_CONVERSION = YES;
				CLANG_WARN_DEPRECATED_OBJC_IMPLEMENTATIONS = YES;
				CLANG_WARN_DIRECT_OBJC_ISA_USAGE = YES_ERROR;
				CLANG_WARN_DOCUMENTATION_COMMENTS = YES;
				CLANG_WARN_EMPTY_BODY = YES;
				CLANG_WARN_ENUM_CONVERSION = YES;
				CLANG_WARN_INFINITE_RECURSION = YES;
				CLANG_WARN_INT_CONVERSION = YES;
				CLANG_WARN_NON_LITERAL_NULL_CONVERSION = YES;
				CLANG_WARN_OBJC_IMPLICIT_RETAIN_SELF = YES;
				CLANG_WARN_OBJC_LITERAL_CONVERSION = YES;
				CLANG_WARN_OBJC_ROOT_CLASS = YES_ERROR;
				CLANG_WARN_QUOTED_INCLUDE_IN_FRAMEWORK_HEADER = YES;
				CLANG_WARN_RANGE_LOOP_ANALYSIS = YES;
				CLANG_WARN_STRICT_PROTOTYPES = YES;
				CLANG_WARN_SUSPICIOUS_MOVE = YES;
				CLANG_WARN_UNGUARDED_AVAILABILITY = YES_AGGRESSIVE;
				CLANG_WARN_UNREACHABLE_CODE = YES;
				CLANG_WARN__DUPLICATE_METHOD_MATCH = YES;
				COPY_PHASE_STRIP = NO;
				DEBUG_INFORMATION_FORMAT = dwarf;
				ENABLE_STRICT_OBJC_MSGSEND = YES;
				ENABLE_TESTABILITY = YES;
				GCC_C_LANGUAGE_STANDARD = gnu11;
				GCC_DYNAMIC_NO_PIC = NO;
				GCC_NO_COMMON_BLOCKS = YES;
				GCC_OPTIMIZATION_LEVEL = 0;
				GCC_PREPROCESSOR_DEFINITIONS = (
					"DEBUG=1",
					"$(inherited)",
				);
				GCC_WARN_64_TO_32_BIT_CONVERSION = YES;
				GCC_WARN_ABOUT_RETURN_TYPE = YES_ERROR;
				GCC_WARN_UNDECLARED_SELECTOR = YES;
				GCC_WARN_UNINITIALIZED_AUTOS = YES_AGGRESSIVE;
				GCC_WARN_UNUSED_FUNCTION = YES;
				GCC_WARN_UNUSED_VARIABLE = YES;
				IPHONEOS_DEPLOYMENT_TARGET = 15.0;
				MTL_ENABLE_DEBUG_INFO = INCLUDE_SOURCE;
				MTL_FAST_MATH = YES;
				ONLY_ACTIVE_ARCH = YES;
				SDKROOT = iphoneos;
				SWIFT_ACTIVE_COMPILATION_CONDITIONS = DEBUG;
				SWIFT_OPTIMIZATION_LEVEL = "-Onone";
			};
			name = Debug;
		};
		06B53C4B28D2EFE2001B9BA2 /* Release */ = {
			isa = XCBuildConfiguration;
			buildSettings = {
				ALWAYS_SEARCH_USER_PATHS = NO;
				CLANG_ANALYZER_NONNULL = YES;
				CLANG_ANALYZER_NUMBER_OBJECT_CONVERSION = YES_AGGRESSIVE;
				CLANG_CXX_LANGUAGE_STANDARD = "gnu++17";
				CLANG_ENABLE_MODULES = YES;
				CLANG_ENABLE_OBJC_ARC = YES;
				CLANG_ENABLE_OBJC_WEAK = YES;
				CLANG_WARN_BLOCK_CAPTURE_AUTORELEASING = YES;
				CLANG_WARN_BOOL_CONVERSION = YES;
				CLANG_WARN_COMMA = YES;
				CLANG_WARN_CONSTANT_CONVERSION = YES;
				CLANG_WARN_DEPRECATED_OBJC_IMPLEMENTATIONS = YES;
				CLANG_WARN_DIRECT_OBJC_ISA_USAGE = YES_ERROR;
				CLANG_WARN_DOCUMENTATION_COMMENTS = YES;
				CLANG_WARN_EMPTY_BODY = YES;
				CLANG_WARN_ENUM_CONVERSION = YES;
				CLANG_WARN_INFINITE_RECURSION = YES;
				CLANG_WARN_INT_CONVERSION = YES;
				CLANG_WARN_NON_LITERAL_NULL_CONVERSION = YES;
				CLANG_WARN_OBJC_IMPLICIT_RETAIN_SELF = YES;
				CLANG_WARN_OBJC_LITERAL_CONVERSION = YES;
				CLANG_WARN_OBJC_ROOT_CLASS = YES_ERROR;
				CLANG_WARN_QUOTED_INCLUDE_IN_FRAMEWORK_HEADER = YES;
				CLANG_WARN_RANGE_LOOP_ANALYSIS = YES;
				CLANG_WARN_STRICT_PROTOTYPES = YES;
				CLANG_WARN_SUSPICIOUS_MOVE = YES;
				CLANG_WARN_UNGUARDED_AVAILABILITY = YES_AGGRESSIVE;
				CLANG_WARN_UNREACHABLE_CODE = YES;
				CLANG_WARN__DUPLICATE_METHOD_MATCH = YES;
				COPY_PHASE_STRIP = NO;
				DEBUG_INFORMATION_FORMAT = "dwarf-with-dsym";
				ENABLE_NS_ASSERTIONS = NO;
				ENABLE_STRICT_OBJC_MSGSEND = YES;
				GCC_C_LANGUAGE_STANDARD = gnu11;
				GCC_NO_COMMON_BLOCKS = YES;
				GCC_WARN_64_TO_32_BIT_CONVERSION = YES;
				GCC_WARN_ABOUT_RETURN_TYPE = YES_ERROR;
				GCC_WARN_UNDECLARED_SELECTOR = YES;
				GCC_WARN_UNINITIALIZED_AUTOS = YES_AGGRESSIVE;
				GCC_WARN_UNUSED_FUNCTION = YES;
				GCC_WARN_UNUSED_VARIABLE = YES;
				IPHONEOS_DEPLOYMENT_TARGET = 15.0;
				MTL_ENABLE_DEBUG_INFO = NO;
				MTL_FAST_MATH = YES;
				SDKROOT = iphoneos;
				SWIFT_COMPILATION_MODE = wholemodule;
				SWIFT_OPTIMIZATION_LEVEL = "-O";
				VALIDATE_PRODUCT = YES;
			};
			name = Release;
		};
		06B53C4D28D2EFE2001B9BA2 /* Debug */ = {
			isa = XCBuildConfiguration;
			baseConfigurationReference = F6FBB1D5BA41CE3F3BF644D3 /* Pods-CoinDiary.debug.xcconfig */;
			buildSettings = {
				ASSETCATALOG_COMPILER_APPICON_NAME = AppIcon;
				ASSETCATALOG_COMPILER_GLOBAL_ACCENT_COLOR_NAME = AccentColor;
				CODE_SIGN_STYLE = Automatic;
				CURRENT_PROJECT_VERSION = 1;
				DEVELOPMENT_TEAM = 9UT8US6W3V;
				GENERATE_INFOPLIST_FILE = YES;
				INFOPLIST_FILE = CoinDiary/Info.plist;
				INFOPLIST_KEY_UIApplicationSupportsIndirectInputEvents = YES;
				INFOPLIST_KEY_UILaunchStoryboardName = LaunchScreen;
				INFOPLIST_KEY_UISupportedInterfaceOrientations_iPad = "UIInterfaceOrientationPortrait UIInterfaceOrientationPortraitUpsideDown UIInterfaceOrientationLandscapeLeft UIInterfaceOrientationLandscapeRight";
				INFOPLIST_KEY_UISupportedInterfaceOrientations_iPhone = "UIInterfaceOrientationPortrait UIInterfaceOrientationLandscapeLeft UIInterfaceOrientationLandscapeRight";
				LD_RUNPATH_SEARCH_PATHS = (
					"$(inherited)",
					"@executable_path/Frameworks",
				);
				MARKETING_VERSION = 1.0;
				PRODUCT_BUNDLE_IDENTIFIER = io.Furabono.CoinDiary;
				PRODUCT_NAME = "$(TARGET_NAME)";
				SWIFT_EMIT_LOC_STRINGS = YES;
				SWIFT_VERSION = 5.0;
				TARGETED_DEVICE_FAMILY = "1,2";
			};
			name = Debug;
		};
		06B53C4E28D2EFE2001B9BA2 /* Release */ = {
			isa = XCBuildConfiguration;
			baseConfigurationReference = E1955311D052081B6FB9721C /* Pods-CoinDiary.release.xcconfig */;
			buildSettings = {
				ASSETCATALOG_COMPILER_APPICON_NAME = AppIcon;
				ASSETCATALOG_COMPILER_GLOBAL_ACCENT_COLOR_NAME = AccentColor;
				CODE_SIGN_STYLE = Automatic;
				CURRENT_PROJECT_VERSION = 1;
				DEVELOPMENT_TEAM = 9UT8US6W3V;
				GENERATE_INFOPLIST_FILE = YES;
				INFOPLIST_FILE = CoinDiary/Info.plist;
				INFOPLIST_KEY_UIApplicationSupportsIndirectInputEvents = YES;
				INFOPLIST_KEY_UILaunchStoryboardName = LaunchScreen;
				INFOPLIST_KEY_UISupportedInterfaceOrientations_iPad = "UIInterfaceOrientationPortrait UIInterfaceOrientationPortraitUpsideDown UIInterfaceOrientationLandscapeLeft UIInterfaceOrientationLandscapeRight";
				INFOPLIST_KEY_UISupportedInterfaceOrientations_iPhone = "UIInterfaceOrientationPortrait UIInterfaceOrientationLandscapeLeft UIInterfaceOrientationLandscapeRight";
				LD_RUNPATH_SEARCH_PATHS = (
					"$(inherited)",
					"@executable_path/Frameworks",
				);
				MARKETING_VERSION = 1.0;
				PRODUCT_BUNDLE_IDENTIFIER = io.Furabono.CoinDiary;
				PRODUCT_NAME = "$(TARGET_NAME)";
				SWIFT_EMIT_LOC_STRINGS = YES;
				SWIFT_VERSION = 5.0;
				TARGETED_DEVICE_FAMILY = "1,2";
			};
			name = Release;
		};
		06B53C5028D2EFE2001B9BA2 /* Debug */ = {
			isa = XCBuildConfiguration;
			baseConfigurationReference = 59A11911870B7A2ECCB18A89 /* Pods-CoinDiaryTests.debug.xcconfig */;
			buildSettings = {
				ALWAYS_EMBED_SWIFT_STANDARD_LIBRARIES = YES;
				BUNDLE_LOADER = "$(TEST_HOST)";
				CODE_SIGN_STYLE = Automatic;
				CURRENT_PROJECT_VERSION = 1;
				DEVELOPMENT_TEAM = 9UT8US6W3V;
				GENERATE_INFOPLIST_FILE = YES;
				IPHONEOS_DEPLOYMENT_TARGET = 15.5;
				MARKETING_VERSION = 1.0;
				PRODUCT_BUNDLE_IDENTIFIER = io.Furabono.CoinDiaryTests;
				PRODUCT_NAME = "$(TARGET_NAME)";
				SWIFT_EMIT_LOC_STRINGS = NO;
				SWIFT_VERSION = 5.0;
				TARGETED_DEVICE_FAMILY = "1,2";
				TEST_HOST = "$(BUILT_PRODUCTS_DIR)/CoinDiary.app/CoinDiary";
			};
			name = Debug;
		};
		06B53C5128D2EFE2001B9BA2 /* Release */ = {
			isa = XCBuildConfiguration;
			baseConfigurationReference = 7A1C892D8B2D75924DB510B7 /* Pods-CoinDiaryTests.release.xcconfig */;
			buildSettings = {
				ALWAYS_EMBED_SWIFT_STANDARD_LIBRARIES = YES;
				BUNDLE_LOADER = "$(TEST_HOST)";
				CODE_SIGN_STYLE = Automatic;
				CURRENT_PROJECT_VERSION = 1;
				DEVELOPMENT_TEAM = 9UT8US6W3V;
				GENERATE_INFOPLIST_FILE = YES;
				IPHONEOS_DEPLOYMENT_TARGET = 15.5;
				MARKETING_VERSION = 1.0;
				PRODUCT_BUNDLE_IDENTIFIER = io.Furabono.CoinDiaryTests;
				PRODUCT_NAME = "$(TARGET_NAME)";
				SWIFT_EMIT_LOC_STRINGS = NO;
				SWIFT_VERSION = 5.0;
				TARGETED_DEVICE_FAMILY = "1,2";
				TEST_HOST = "$(BUILT_PRODUCTS_DIR)/CoinDiary.app/CoinDiary";
			};
			name = Release;
		};
		06B53C5328D2EFE2001B9BA2 /* Debug */ = {
			isa = XCBuildConfiguration;
			baseConfigurationReference = 395D1C89153AB689BC043A6D /* Pods-CoinDiary-CoinDiaryUITests.debug.xcconfig */;
			buildSettings = {
				ALWAYS_EMBED_SWIFT_STANDARD_LIBRARIES = YES;
				CODE_SIGN_STYLE = Automatic;
				CURRENT_PROJECT_VERSION = 1;
				DEVELOPMENT_TEAM = 9UT8US6W3V;
				GENERATE_INFOPLIST_FILE = YES;
				MARKETING_VERSION = 1.0;
				PRODUCT_BUNDLE_IDENTIFIER = io.Furabono.CoinDiaryUITests;
				PRODUCT_NAME = "$(TARGET_NAME)";
				SWIFT_EMIT_LOC_STRINGS = NO;
				SWIFT_VERSION = 5.0;
				TARGETED_DEVICE_FAMILY = "1,2";
				TEST_TARGET_NAME = CoinDiary;
			};
			name = Debug;
		};
		06B53C5428D2EFE2001B9BA2 /* Release */ = {
			isa = XCBuildConfiguration;
			baseConfigurationReference = 488438B225E91B1CF60A6256 /* Pods-CoinDiary-CoinDiaryUITests.release.xcconfig */;
			buildSettings = {
				ALWAYS_EMBED_SWIFT_STANDARD_LIBRARIES = YES;
				CODE_SIGN_STYLE = Automatic;
				CURRENT_PROJECT_VERSION = 1;
				DEVELOPMENT_TEAM = 9UT8US6W3V;
				GENERATE_INFOPLIST_FILE = YES;
				MARKETING_VERSION = 1.0;
				PRODUCT_BUNDLE_IDENTIFIER = io.Furabono.CoinDiaryUITests;
				PRODUCT_NAME = "$(TARGET_NAME)";
				SWIFT_EMIT_LOC_STRINGS = NO;
				SWIFT_VERSION = 5.0;
				TARGETED_DEVICE_FAMILY = "1,2";
				TEST_TARGET_NAME = CoinDiary;
			};
			name = Release;
		};
/* End XCBuildConfiguration section */

/* Begin XCConfigurationList section */
		06B53C1A28D2EFE1001B9BA2 /* Build configuration list for PBXProject "CoinDiary" */ = {
			isa = XCConfigurationList;
			buildConfigurations = (
				06B53C4A28D2EFE2001B9BA2 /* Debug */,
				06B53C4B28D2EFE2001B9BA2 /* Release */,
			);
			defaultConfigurationIsVisible = 0;
			defaultConfigurationName = Release;
		};
		06B53C4C28D2EFE2001B9BA2 /* Build configuration list for PBXNativeTarget "CoinDiary" */ = {
			isa = XCConfigurationList;
			buildConfigurations = (
				06B53C4D28D2EFE2001B9BA2 /* Debug */,
				06B53C4E28D2EFE2001B9BA2 /* Release */,
			);
			defaultConfigurationIsVisible = 0;
			defaultConfigurationName = Release;
		};
		06B53C4F28D2EFE2001B9BA2 /* Build configuration list for PBXNativeTarget "CoinDiaryTests" */ = {
			isa = XCConfigurationList;
			buildConfigurations = (
				06B53C5028D2EFE2001B9BA2 /* Debug */,
				06B53C5128D2EFE2001B9BA2 /* Release */,
			);
			defaultConfigurationIsVisible = 0;
			defaultConfigurationName = Release;
		};
		06B53C5228D2EFE2001B9BA2 /* Build configuration list for PBXNativeTarget "CoinDiaryUITests" */ = {
			isa = XCConfigurationList;
			buildConfigurations = (
				06B53C5328D2EFE2001B9BA2 /* Debug */,
				06B53C5428D2EFE2001B9BA2 /* Release */,
			);
			defaultConfigurationIsVisible = 0;
			defaultConfigurationName = Release;
		};
/* End XCConfigurationList section */

/* Begin XCRemoteSwiftPackageReference section */
		87FB55D128EB059D00F36DD5 /* XCRemoteSwiftPackageReference "ChartView" */ = {
			isa = XCRemoteSwiftPackageReference;
			repositoryURL = "https://github.com/AppPear/ChartView";
			requirement = {
				kind = upToNextMajorVersion;
				minimumVersion = 1.0.0;
			};
		};
/* End XCRemoteSwiftPackageReference section */

/* Begin XCSwiftPackageProductDependency section */
		87FB55D228EB059D00F36DD5 /* SwiftUICharts */ = {
			isa = XCSwiftPackageProductDependency;
			package = 87FB55D128EB059D00F36DD5 /* XCRemoteSwiftPackageReference "ChartView" */;
			productName = SwiftUICharts;
		};
/* End XCSwiftPackageProductDependency section */

/* Begin XCVersionGroup section */
		06B53C2B28D2EFE1001B9BA2 /* CoinDiary.xcdatamodeld */ = {
			isa = XCVersionGroup;
			children = (
				06B53C2C28D2EFE1001B9BA2 /* CoinDiary.xcdatamodel */,
			);
			currentVersion = 06B53C2C28D2EFE1001B9BA2 /* CoinDiary.xcdatamodel */;
			path = CoinDiary.xcdatamodeld;
			sourceTree = "<group>";
			versionGroupType = wrapper.xcdatamodel;
		};
/* End XCVersionGroup section */
	};
	rootObject = 06B53C1728D2EFE1001B9BA2 /* Project object */;
}
